{
  "lockfile_version": "1",
  "packages": {
    "awscli2@2.15.62": {
      "last_modified": "2024-06-07T15:28:25Z",
      "resolved": "github:NixOS/nixpkgs/d226935fd75012939397c83f6c385e4d6d832288#awscli2",
      "source": "devbox-search",
      "version": "2.15.62",
      "systems": {
        "aarch64-darwin": {
          "outputs": [
            {
              "name": "out",
              "path": "/nix/store/k12pqkfqs948arm8m85nyfz6k6k4sfrg-awscli2-2.15.62",
              "default": true
            },
            {
              "name": "dist",
              "path": "/nix/store/g50dvsmv86nmqd4ccl2qfk9gwpmfsvpd-awscli2-2.15.62-dist"
            }
          ],
          "store_path": "/nix/store/k12pqkfqs948arm8m85nyfz6k6k4sfrg-awscli2-2.15.62"
        },
        "aarch64-linux": {
          "outputs": [
            {
              "name": "out",
              "path": "/nix/store/bnp5b0jlq6v308gz47wxf84hd825nvd1-awscli2-2.15.62",
              "default": true
            },
            {
              "name": "dist",
              "path": "/nix/store/darcm2yby8kbxql8n374davxkpgnapzw-awscli2-2.15.62-dist"
            }
          ],
          "store_path": "/nix/store/bnp5b0jlq6v308gz47wxf84hd825nvd1-awscli2-2.15.62"
        },
        "x86_64-darwin": {
          "outputs": [
            {
              "name": "out",
              "path": "/nix/store/iim7l6lz4hsa0f8z69s0w3mijh6ndy8i-awscli2-2.15.62",
              "default": true
            },
            {
              "name": "dist",
              "path": "/nix/store/671f4bqw063d04xdrfch8j9lcjxg7q64-awscli2-2.15.62-dist"
            }
          ],
          "store_path": "/nix/store/iim7l6lz4hsa0f8z69s0w3mijh6ndy8i-awscli2-2.15.62"
        },
        "x86_64-linux": {
          "outputs": [
            {
              "name": "out",
              "path": "/nix/store/ml7gpcjv3nlfprm5iy42xzqjpn4dy0qx-awscli2-2.15.62",
              "default": true
            },
            {
              "name": "dist",
              "path": "/nix/store/5ax0cajlls8h3qf18xva9v0c4ja0bdf2-awscli2-2.15.62-dist"
            }
          ],
          "store_path": "/nix/store/ml7gpcjv3nlfprm5iy42xzqjpn4dy0qx-awscli2-2.15.62"
        }
      }
    },
    "azure-cli@2.60.0": {
      "last_modified": "2024-06-03T07:19:07Z",
      "resolved": "github:NixOS/nixpkgs/4a4ecb0ab415c9fccfb005567a215e6a9564cdf5#azure-cli",
      "source": "devbox-search",
      "version": "2.60.0",
      "systems": {
        "aarch64-darwin": {
          "outputs": [
            {
              "name": "out",
              "path": "/nix/store/w046kv0p1kh0h45v8y45bl1x62w8hj2w-python3.11-azure-cli-2.60.0",
              "default": true
            },
            {
              "name": "dist",
              "path": "/nix/store/540wvxs1ppjwha4cv5x18ay39yfjyxlc-python3.11-azure-cli-2.60.0-dist"
            }
          ],
          "store_path": "/nix/store/w046kv0p1kh0h45v8y45bl1x62w8hj2w-python3.11-azure-cli-2.60.0"
        },
        "aarch64-linux": {
          "outputs": [
            {
              "name": "out",
              "path": "/nix/store/91d9jbh90spdbs6crfiaxcy8l6acpynw-python3.11-azure-cli-2.60.0",
              "default": true
            },
            {
              "name": "dist",
              "path": "/nix/store/yh6fkbbpr14bbfizs171dih6anhyi50j-python3.11-azure-cli-2.60.0-dist"
            }
          ],
          "store_path": "/nix/store/91d9jbh90spdbs6crfiaxcy8l6acpynw-python3.11-azure-cli-2.60.0"
        },
        "x86_64-darwin": {
          "outputs": [
            {
              "name": "out",
              "path": "/nix/store/lzwd4yp6cnygwv2cs4bxrh1dwckyb524-python3.11-azure-cli-2.60.0",
              "default": true
            },
            {
              "name": "dist",
              "path": "/nix/store/26c9capwj5vavwab1rmx891g19mr82j8-python3.11-azure-cli-2.60.0-dist"
            }
          ],
          "store_path": "/nix/store/lzwd4yp6cnygwv2cs4bxrh1dwckyb524-python3.11-azure-cli-2.60.0"
        },
        "x86_64-linux": {
          "outputs": [
            {
              "name": "out",
              "path": "/nix/store/pg5gcqwyj0qq5b8lxifln5iqqd6l45km-python3.11-azure-cli-2.60.0",
              "default": true
            },
            {
              "name": "dist",
              "path": "/nix/store/8lv871c1m6r92idrxfchlwkav10vig9i-python3.11-azure-cli-2.60.0-dist"
            }
          ],
          "store_path": "/nix/store/pg5gcqwyj0qq5b8lxifln5iqqd6l45km-python3.11-azure-cli-2.60.0"
        }
      }
    },
    "bat@0.24.0": {
      "last_modified": "2024-05-22T06:18:38Z",
      "resolved": "github:NixOS/nixpkgs/3f316d2a50699a78afe5e77ca486ad553169061e#bat",
      "source": "devbox-search",
      "version": "0.24.0",
      "systems": {
        "aarch64-darwin": {
          "outputs": [
            {
              "name": "out",
              "path": "/nix/store/hiia69kvpnlkkqrwa9q0v7rzyik91ip7-bat-0.24.0",
              "default": true
            }
          ],
          "store_path": "/nix/store/hiia69kvpnlkkqrwa9q0v7rzyik91ip7-bat-0.24.0"
        },
        "aarch64-linux": {
          "outputs": [
            {
              "name": "out",
              "path": "/nix/store/ihqxca088m35nf12z8w8z102x9cyjvya-bat-0.24.0",
              "default": true
            }
          ],
          "store_path": "/nix/store/ihqxca088m35nf12z8w8z102x9cyjvya-bat-0.24.0"
        },
        "x86_64-darwin": {
          "outputs": [
            {
              "name": "out",
              "path": "/nix/store/06ikrv8pnq7lf2f6rf4q970acf42f1x7-bat-0.24.0",
              "default": true
            }
          ],
          "store_path": "/nix/store/06ikrv8pnq7lf2f6rf4q970acf42f1x7-bat-0.24.0"
        },
        "x86_64-linux": {
          "outputs": [
            {
              "name": "out",
              "path": "/nix/store/ghqlmx96vqiywgr0bixsk78z0515drgj-bat-0.24.0",
              "default": true
            }
          ],
          "store_path": "/nix/store/ghqlmx96vqiywgr0bixsk78z0515drgj-bat-0.24.0"
        }
      }
    },
    "buildpack@0.33.2": {
      "last_modified": "2024-05-29T10:04:41Z",
      "resolved": "github:NixOS/nixpkgs/ac82a513e55582291805d6f09d35b6d8b60637a1#buildpack",
      "source": "devbox-search",
      "version": "0.33.2",
      "systems": {
        "aarch64-darwin": {
          "outputs": [
            {
              "name": "out",
              "path": "/nix/store/618vbc2q24yqq3wfgpkzs136pgy3abaq-pack-0.33.2",
              "default": true
            }
          ],
          "store_path": "/nix/store/618vbc2q24yqq3wfgpkzs136pgy3abaq-pack-0.33.2"
        },
        "aarch64-linux": {
          "outputs": [
            {
              "name": "out",
              "path": "/nix/store/gbqbqf6dwmp2y3df65731il7cpgb1f8r-pack-0.33.2",
              "default": true
            }
          ],
          "store_path": "/nix/store/gbqbqf6dwmp2y3df65731il7cpgb1f8r-pack-0.33.2"
        },
        "x86_64-darwin": {
          "outputs": [
            {
              "name": "out",
              "path": "/nix/store/3wpyac4vhvdi1wkrnxy389pgigfzv44i-pack-0.33.2",
              "default": true
            }
          ],
          "store_path": "/nix/store/3wpyac4vhvdi1wkrnxy389pgigfzv44i-pack-0.33.2"
        },
        "x86_64-linux": {
          "outputs": [
            {
              "name": "out",
              "path": "/nix/store/5fivrjanic7s84r5alh3bwvx1hpajggl-pack-0.33.2",
              "default": true
            }
          ],
          "store_path": "/nix/store/5fivrjanic7s84r5alh3bwvx1hpajggl-pack-0.33.2"
        }
      }
    },
    "cilium-cli@0.16.9": {
      "last_modified": "2024-06-07T15:28:25Z",
      "resolved": "github:NixOS/nixpkgs/d226935fd75012939397c83f6c385e4d6d832288#cilium-cli",
      "source": "devbox-search",
      "version": "0.16.9",
      "systems": {
        "aarch64-darwin": {
          "outputs": [
            {
              "name": "out",
              "path": "/nix/store/l5av9qj3f4hfyghl155lckp0528iwn2f-cilium-cli-0.16.9",
              "default": true
            }
          ],
          "store_path": "/nix/store/l5av9qj3f4hfyghl155lckp0528iwn2f-cilium-cli-0.16.9"
        },
        "aarch64-linux": {
          "outputs": [
            {
              "name": "out",
              "path": "/nix/store/bvk2i7177b4p91d4vnnh1fg6xgjwg4pj-cilium-cli-0.16.9",
              "default": true
            }
          ],
          "store_path": "/nix/store/bvk2i7177b4p91d4vnnh1fg6xgjwg4pj-cilium-cli-0.16.9"
        },
        "x86_64-darwin": {
          "outputs": [
            {
              "name": "out",
              "path": "/nix/store/431injdbl5vx7c2rhfns7fb5pasnq23b-cilium-cli-0.16.9",
              "default": true
            }
          ],
          "store_path": "/nix/store/431injdbl5vx7c2rhfns7fb5pasnq23b-cilium-cli-0.16.9"
        },
        "x86_64-linux": {
          "outputs": [
            {
              "name": "out",
              "path": "/nix/store/bys2h6j9phza7vbfl149n8wazvax715b-cilium-cli-0.16.9",
              "default": true
            }
          ],
          "store_path": "/nix/store/bys2h6j9phza7vbfl149n8wazvax715b-cilium-cli-0.16.9"
        }
      }
    },
    "civo@1.0.86": {
      "last_modified": "2024-06-06T04:00:50Z",
      "resolved": "github:NixOS/nixpkgs/818dbe2f96df233d2041739d6079bb616d3e5597#civo",
      "source": "devbox-search",
      "version": "1.0.86",
      "systems": {
        "aarch64-darwin": {
          "outputs": [
            {
              "name": "out",
              "path": "/nix/store/ljxrymkvyfyppc38i06kmi9sc99rrl8d-civo-1.0.86",
              "default": true
            }
          ],
          "store_path": "/nix/store/ljxrymkvyfyppc38i06kmi9sc99rrl8d-civo-1.0.86"
        },
        "aarch64-linux": {
          "outputs": [
            {
              "name": "out",
              "path": "/nix/store/y1rcs5q03av39izqhkf5alxw5c3x4xdx-civo-1.0.86",
              "default": true
            }
          ],
          "store_path": "/nix/store/y1rcs5q03av39izqhkf5alxw5c3x4xdx-civo-1.0.86"
        },
        "x86_64-darwin": {
          "outputs": [
            {
              "name": "out",
              "path": "/nix/store/mr9r2swrw0f1vjbxbx1m0nsg764qiwjj-civo-1.0.86",
              "default": true
            }
          ],
          "store_path": "/nix/store/mr9r2swrw0f1vjbxbx1m0nsg764qiwjj-civo-1.0.86"
        },
        "x86_64-linux": {
          "outputs": [
            {
              "name": "out",
              "path": "/nix/store/yjb85yadqk6iw67mfxnc420aarr2v3qf-civo-1.0.86",
              "default": true
            }
          ],
          "store_path": "/nix/store/yjb85yadqk6iw67mfxnc420aarr2v3qf-civo-1.0.86"
        }
      }
    },
    "cosign@latest": {
      "last_modified": "2024-10-13T23:44:06Z",
      "resolved": "github:NixOS/nixpkgs/d4f247e89f6e10120f911e2e2d2254a050d0f732#cosign",
      "source": "devbox-search",
      "version": "2.4.1",
      "systems": {
        "aarch64-darwin": {
          "outputs": [
            {
              "name": "out",
              "path": "/nix/store/g50jbx195w839q8x75ablbrflzzqs0z9-cosign-2.4.1",
              "default": true
            }
          ],
          "store_path": "/nix/store/g50jbx195w839q8x75ablbrflzzqs0z9-cosign-2.4.1"
        },
        "aarch64-linux": {
          "outputs": [
            {
              "name": "out",
              "path": "/nix/store/9w0ixnsya1g1x0slb5az99xrg3ab39la-cosign-2.4.1",
              "default": true
            }
          ],
          "store_path": "/nix/store/9w0ixnsya1g1x0slb5az99xrg3ab39la-cosign-2.4.1"
        },
        "x86_64-darwin": {
          "outputs": [
            {
              "name": "out",
              "path": "/nix/store/x34mnyh3pjlp6i1h52qhbhf3q3hrqkc0-cosign-2.4.1",
              "default": true
            }
          ],
          "store_path": "/nix/store/x34mnyh3pjlp6i1h52qhbhf3q3hrqkc0-cosign-2.4.1"
        },
        "x86_64-linux": {
          "outputs": [
            {
              "name": "out",
              "path": "/nix/store/jdz274rwp2ajgngh175b0qggpqqhd7jw-cosign-2.4.1",
              "default": true
            }
          ],
          "store_path": "/nix/store/jdz274rwp2ajgngh175b0qggpqqhd7jw-cosign-2.4.1"
        }
      }
    },
    "crossplane-cli@1.15.2": {
      "last_modified": "2024-05-29T10:04:41Z",
      "resolved": "github:NixOS/nixpkgs/ac82a513e55582291805d6f09d35b6d8b60637a1#crossplane-cli",
      "source": "devbox-search",
      "version": "1.15.2",
      "systems": {
        "aarch64-darwin": {
          "outputs": [
            {
              "name": "out",
              "path": "/nix/store/ksclc4l9xywh9kvfqz8pj3kg7sj4pw15-crossplane-cli-1.15.2",
              "default": true
            }
          ],
          "store_path": "/nix/store/ksclc4l9xywh9kvfqz8pj3kg7sj4pw15-crossplane-cli-1.15.2"
        },
        "aarch64-linux": {
          "outputs": [
            {
              "name": "out",
              "path": "/nix/store/m1jha9w9v4n71hxfs9jhavvyigzp532y-crossplane-cli-1.15.2",
              "default": true
            }
          ],
          "store_path": "/nix/store/m1jha9w9v4n71hxfs9jhavvyigzp532y-crossplane-cli-1.15.2"
        },
        "x86_64-darwin": {
          "outputs": [
            {
              "name": "out",
              "path": "/nix/store/jwxnzz3iypkkbadbqydn86p4rsl11fm3-crossplane-cli-1.15.2",
              "default": true
            }
          ],
          "store_path": "/nix/store/jwxnzz3iypkkbadbqydn86p4rsl11fm3-crossplane-cli-1.15.2"
        },
        "x86_64-linux": {
          "outputs": [
            {
              "name": "out",
              "path": "/nix/store/vbr0zq0r2ljisldp169awm1iybplnsgk-crossplane-cli-1.15.2",
              "default": true
            }
          ],
          "store_path": "/nix/store/vbr0zq0r2ljisldp169awm1iybplnsgk-crossplane-cli-1.15.2"
        }
      }
    },
    "cue@0.8.2": {
      "last_modified": "2024-05-29T10:04:41Z",
      "resolved": "github:NixOS/nixpkgs/ac82a513e55582291805d6f09d35b6d8b60637a1#cue",
      "source": "devbox-search",
      "version": "0.8.2",
      "systems": {
        "aarch64-darwin": {
          "outputs": [
            {
              "name": "out",
              "path": "/nix/store/ihr5kp514fhlj9qai32k3mj35bmil1sx-cue-0.8.2",
              "default": true
            }
          ],
          "store_path": "/nix/store/ihr5kp514fhlj9qai32k3mj35bmil1sx-cue-0.8.2"
        },
        "aarch64-linux": {
          "outputs": [
            {
              "name": "out",
              "path": "/nix/store/n3llvz3662yr4gkhg58gjkw1hp9ln73q-cue-0.8.2",
              "default": true
            }
          ],
          "store_path": "/nix/store/n3llvz3662yr4gkhg58gjkw1hp9ln73q-cue-0.8.2"
        },
        "x86_64-darwin": {
          "outputs": [
            {
              "name": "out",
              "path": "/nix/store/vgr9fvf0a72vghc3rxd1cg3i4g0j4g83-cue-0.8.2",
              "default": true
            }
          ],
          "store_path": "/nix/store/vgr9fvf0a72vghc3rxd1cg3i4g0j4g83-cue-0.8.2"
        },
        "x86_64-linux": {
          "outputs": [
            {
              "name": "out",
              "path": "/nix/store/x9471mp522cdi4c9gc8dchvyx6v01b3f-cue-0.8.2",
              "default": true
            }
          ],
          "store_path": "/nix/store/x9471mp522cdi4c9gc8dchvyx6v01b3f-cue-0.8.2"
        }
      }
    },
    "doctl@1.107.0": {
      "last_modified": "2024-06-03T07:19:07Z",
      "resolved": "github:NixOS/nixpkgs/4a4ecb0ab415c9fccfb005567a215e6a9564cdf5#doctl",
      "source": "devbox-search",
      "version": "1.107.0",
      "systems": {
        "aarch64-darwin": {
          "outputs": [
            {
              "name": "out",
              "path": "/nix/store/cmw8zpkndq3aa6di8ybl89j505s0rldl-doctl-1.107.0",
              "default": true
            }
          ],
          "store_path": "/nix/store/cmw8zpkndq3aa6di8ybl89j505s0rldl-doctl-1.107.0"
        },
        "aarch64-linux": {
          "outputs": [
            {
              "name": "out",
              "path": "/nix/store/1aah91a6fl4ndcmb2jxyfh7y0qaikn6k-doctl-1.107.0",
              "default": true
            }
          ],
          "store_path": "/nix/store/1aah91a6fl4ndcmb2jxyfh7y0qaikn6k-doctl-1.107.0"
        },
        "x86_64-darwin": {
          "outputs": [
            {
              "name": "out",
              "path": "/nix/store/kpiwva5bdfazvx4brqlla91jfil0sygs-doctl-1.107.0",
              "default": true
            }
          ],
          "store_path": "/nix/store/kpiwva5bdfazvx4brqlla91jfil0sygs-doctl-1.107.0"
        },
        "x86_64-linux": {
          "outputs": [
            {
              "name": "out",
              "path": "/nix/store/80rqrgivj1c8zxs0ylrdl8xwcfhb1dc4-doctl-1.107.0",
              "default": true
            }
          ],
          "store_path": "/nix/store/80rqrgivj1c8zxs0ylrdl8xwcfhb1dc4-doctl-1.107.0"
        }
      }
    },
    "eksctl@0.175.0": {
      "last_modified": "2024-04-19T21:36:04Z",
      "resolved": "github:NixOS/nixpkgs/92d295f588631b0db2da509f381b4fb1e74173c5#eksctl",
      "source": "devbox-search",
      "version": "0.175.0",
      "systems": {
        "aarch64-darwin": {
          "outputs": [
            {
              "name": "out",
              "path": "/nix/store/z7k15pvl64qlal76gfvwxqgrfxy3m3hz-eksctl-0.175.0",
              "default": true
            }
          ],
          "store_path": "/nix/store/z7k15pvl64qlal76gfvwxqgrfxy3m3hz-eksctl-0.175.0"
        },
        "aarch64-linux": {
          "outputs": [
            {
              "name": "out",
              "path": "/nix/store/qm5r6cq8rmqnf9rawc2jv8jy9jgkk3dl-eksctl-0.175.0",
              "default": true
            }
          ],
          "store_path": "/nix/store/qm5r6cq8rmqnf9rawc2jv8jy9jgkk3dl-eksctl-0.175.0"
        },
        "x86_64-darwin": {
          "outputs": [
            {
              "name": "out",
              "path": "/nix/store/0wlxbbxacz2f6bpzyi5q2ip40gpynzw7-eksctl-0.175.0",
              "default": true
            }
          ],
          "store_path": "/nix/store/0wlxbbxacz2f6bpzyi5q2ip40gpynzw7-eksctl-0.175.0"
        },
        "x86_64-linux": {
          "outputs": [
            {
              "name": "out",
              "path": "/nix/store/3yyv2j16swbrxs7acv4wyss8zc3vsbnl-eksctl-0.175.0",
              "default": true
            }
          ],
          "store_path": "/nix/store/3yyv2j16swbrxs7acv4wyss8zc3vsbnl-eksctl-0.175.0"
        }
      }
    },
    "etcdctl@3.3.27": {
      "last_modified": "2022-02-15T04:21:50Z",
      "resolved": "github:NixOS/nixpkgs/3a641defd170a4ef25ce8c7c64cb13f91f867fca#etcdctl",
      "source": "devbox-search",
      "version": "3.3.27",
      "systems": {
        "x86_64-darwin": {
          "outputs": [
            {
              "path": "/nix/store/p6q1kbryl0yznasbifr60l8n8jm18hzi-etcd-3.3.27",
              "default": true
            }
          ]
        }
      }
    },
    "gh@2.48.0": {
      "last_modified": "2024-04-19T21:36:04Z",
      "resolved": "github:NixOS/nixpkgs/92d295f588631b0db2da509f381b4fb1e74173c5#gh",
      "source": "devbox-search",
      "version": "2.48.0",
      "systems": {
        "aarch64-darwin": {
          "outputs": [
            {
              "name": "out",
              "path": "/nix/store/al0w11wik8xvjv311f9hdcni6lcbd22g-gh-2.48.0",
              "default": true
            }
          ],
          "store_path": "/nix/store/al0w11wik8xvjv311f9hdcni6lcbd22g-gh-2.48.0"
        },
        "aarch64-linux": {
          "outputs": [
            {
              "name": "out",
              "path": "/nix/store/fa3pwqlw4izfip7kg4c1iv7gdhwjgsf7-gh-2.48.0",
              "default": true
            }
          ],
          "store_path": "/nix/store/fa3pwqlw4izfip7kg4c1iv7gdhwjgsf7-gh-2.48.0"
        },
        "x86_64-darwin": {
          "outputs": [
            {
              "name": "out",
              "path": "/nix/store/m9jcg3yp042alkymg4qy3k4skyfzxpgs-gh-2.48.0",
              "default": true
            }
          ],
          "store_path": "/nix/store/m9jcg3yp042alkymg4qy3k4skyfzxpgs-gh-2.48.0"
        },
        "x86_64-linux": {
          "outputs": [
            {
              "name": "out",
              "path": "/nix/store/yk2hqa1jnc9r26q93cs8m6gi4872s1ga-gh-2.48.0",
              "default": true
            }
          ],
          "store_path": "/nix/store/yk2hqa1jnc9r26q93cs8m6gi4872s1ga-gh-2.48.0"
        }
      }
    },
    "go@1.22.3": {
      "last_modified": "2024-05-29T10:04:41Z",
      "resolved": "github:NixOS/nixpkgs/ac82a513e55582291805d6f09d35b6d8b60637a1#go",
      "source": "devbox-search",
      "version": "1.22.3",
      "systems": {
        "aarch64-darwin": {
          "outputs": [
            {
              "name": "out",
              "path": "/nix/store/i04a1a6qgxhjw6c0ld2b3x1v815sbxjc-go-1.22.3",
              "default": true
            }
          ],
          "store_path": "/nix/store/i04a1a6qgxhjw6c0ld2b3x1v815sbxjc-go-1.22.3"
        },
        "aarch64-linux": {
          "outputs": [
            {
              "name": "out",
              "path": "/nix/store/d68f2iblysnl0r4qcfdacmdpmvvy86kf-go-1.22.3",
              "default": true
            }
          ],
          "store_path": "/nix/store/d68f2iblysnl0r4qcfdacmdpmvvy86kf-go-1.22.3"
        },
        "x86_64-darwin": {
          "outputs": [
            {
              "name": "out",
              "path": "/nix/store/1p6vr83cgyfwm8517jhfmf6lypzhy3q2-go-1.22.3",
              "default": true
            }
          ],
          "store_path": "/nix/store/1p6vr83cgyfwm8517jhfmf6lypzhy3q2-go-1.22.3"
        },
        "x86_64-linux": {
          "outputs": [
            {
              "name": "out",
              "path": "/nix/store/00mg4vlhzmm7gi9bd5v5ydjlgrywpc3n-go-1.22.3",
              "default": true
            }
          ],
          "store_path": "/nix/store/00mg4vlhzmm7gi9bd5v5ydjlgrywpc3n-go-1.22.3"
        }
      }
    },
    "google-cloud-sdk@478.0.0": {
      "last_modified": "2024-06-06T04:00:50Z",
      "resolved": "github:NixOS/nixpkgs/818dbe2f96df233d2041739d6079bb616d3e5597#google-cloud-sdk",
      "source": "devbox-search",
      "version": "478.0.0",
      "systems": {
        "aarch64-darwin": {
          "outputs": [
            {
              "name": "out",
              "path": "/nix/store/6vw818ni5lym496xy4d18pn2j272c5iv-google-cloud-sdk-478.0.0",
              "default": true
            }
          ],
          "store_path": "/nix/store/6vw818ni5lym496xy4d18pn2j272c5iv-google-cloud-sdk-478.0.0"
        },
        "aarch64-linux": {
          "outputs": [
            {
              "name": "out",
              "path": "/nix/store/y133y7aaq6knvxgq6w5y0ml9y16d7811-google-cloud-sdk-478.0.0",
              "default": true
            }
          ],
          "store_path": "/nix/store/y133y7aaq6knvxgq6w5y0ml9y16d7811-google-cloud-sdk-478.0.0"
        },
        "x86_64-darwin": {
          "outputs": [
            {
              "name": "out",
              "path": "/nix/store/cazzvzlwf34nnmnh2ilb2bc8b5g6jg5q-google-cloud-sdk-478.0.0",
              "default": true
            }
          ],
          "store_path": "/nix/store/cazzvzlwf34nnmnh2ilb2bc8b5g6jg5q-google-cloud-sdk-478.0.0"
        },
        "x86_64-linux": {
          "outputs": [
            {
              "name": "out",
              "path": "/nix/store/l04ghn5n5crhz7bzmkqi4ycs9770vw7j-google-cloud-sdk-478.0.0",
              "default": true
            }
          ],
          "store_path": "/nix/store/l04ghn5n5crhz7bzmkqi4ycs9770vw7j-google-cloud-sdk-478.0.0"
        }
      }
    },
    "gum@0.13.0": {
      "last_modified": "2024-04-19T21:36:04Z",
      "resolved": "github:NixOS/nixpkgs/92d295f588631b0db2da509f381b4fb1e74173c5#gum",
      "source": "devbox-search",
      "version": "0.13.0",
      "systems": {
        "aarch64-darwin": {
          "outputs": [
            {
              "name": "out",
              "path": "/nix/store/rv7y82ylid613qkg947a1icajp41jhr1-gum-0.13.0",
              "default": true
            }
          ],
          "store_path": "/nix/store/rv7y82ylid613qkg947a1icajp41jhr1-gum-0.13.0"
        },
        "aarch64-linux": {
          "outputs": [
            {
              "name": "out",
              "path": "/nix/store/mcbsnqvcz9q3j6mnbpwy5brid0zgzll6-gum-0.13.0",
              "default": true
            }
          ],
          "store_path": "/nix/store/mcbsnqvcz9q3j6mnbpwy5brid0zgzll6-gum-0.13.0"
        },
        "x86_64-darwin": {
          "outputs": [
            {
              "name": "out",
              "path": "/nix/store/vf21qsvvsmfs9diw5bk9b32iavp9pdfx-gum-0.13.0",
              "default": true
            }
          ],
          "store_path": "/nix/store/vf21qsvvsmfs9diw5bk9b32iavp9pdfx-gum-0.13.0"
        },
        "x86_64-linux": {
          "outputs": [
            {
              "name": "out",
              "path": "/nix/store/lmc0z0s5zlq5vvyv5y0cxhi727dzvq02-gum-0.13.0",
              "default": true
            }
          ],
          "store_path": "/nix/store/lmc0z0s5zlq5vvyv5y0cxhi727dzvq02-gum-0.13.0"
        }
      }
    },
    "hubble@0.13.5": {
      "last_modified": "2024-06-06T13:42:14Z",
      "resolved": "github:NixOS/nixpkgs/31f40991012489e858517ec20102f033e4653afb#hubble",
      "source": "devbox-search",
      "version": "0.13.5",
      "systems": {
        "aarch64-darwin": {
          "outputs": [
            {
              "name": "out",
              "path": "/nix/store/j9d2zv68wfnaz49ic834fc99z6n1crzd-hubble-0.13.5",
              "default": true
            }
          ],
          "store_path": "/nix/store/j9d2zv68wfnaz49ic834fc99z6n1crzd-hubble-0.13.5"
        },
        "aarch64-linux": {
          "outputs": [
            {
              "name": "out",
              "path": "/nix/store/c39i4s3rw8jy7mfki7dyjbxyhbsp629v-hubble-0.13.5",
              "default": true
            }
          ],
          "store_path": "/nix/store/c39i4s3rw8jy7mfki7dyjbxyhbsp629v-hubble-0.13.5"
        },
        "x86_64-darwin": {
          "outputs": [
            {
              "name": "out",
              "path": "/nix/store/dsvp815marxx9z6f18bz8skrs2rp64w9-hubble-0.13.5",
              "default": true
            }
          ],
          "store_path": "/nix/store/dsvp815marxx9z6f18bz8skrs2rp64w9-hubble-0.13.5"
        },
        "x86_64-linux": {
          "outputs": [
            {
              "name": "out",
              "path": "/nix/store/qfzwh33a9mgzyq30707fn7kiz8s4jxyw-hubble-0.13.5",
              "default": true
            }
          ],
          "store_path": "/nix/store/qfzwh33a9mgzyq30707fn7kiz8s4jxyw-hubble-0.13.5"
        }
      }
    },
    "jq@latest": {
      "last_modified": "2024-10-30T07:09:13Z",
      "resolved": "github:NixOS/nixpkgs/2d2a9ddbe3f2c00747398f3dc9b05f7f2ebb0f53#jq",
      "source": "devbox-search",
      "version": "1.7.1",
      "systems": {
        "aarch64-darwin": {
          "outputs": [
            {
              "name": "bin",
              "path": "/nix/store/kkfa84h1sd7496mydwhnnqf0kdbgc0fa-jq-1.7.1-bin",
              "default": true
            },
            {
              "name": "man",
              "path": "/nix/store/x66c6grvwcaidz90mzgxiyg6r0qssybq-jq-1.7.1-man",
              "default": true
            },
            {
              "name": "dev",
              "path": "/nix/store/q280g2yxhw4zin5cfm77gvq72b5p9kmi-jq-1.7.1-dev"
            },
            {
              "name": "doc",
              "path": "/nix/store/668jid954q2jk52wabckqmhj0jpwn819-jq-1.7.1-doc"
            },
            {
              "name": "lib",
              "path": "/nix/store/jlrm2b88xr9i5rcib7k8zs2wpr99iwwq-jq-1.7.1-lib"
            },
            {
              "name": "out",
              "path": "/nix/store/vmnfldwzmfx34xaqa1fbsv9zcdwfc22y-jq-1.7.1"
            }
          ],
          "store_path": "/nix/store/kkfa84h1sd7496mydwhnnqf0kdbgc0fa-jq-1.7.1-bin"
        },
        "aarch64-linux": {
          "outputs": [
            {
              "name": "bin",
              "path": "/nix/store/ahpilzy1f17m9c7kbjvv7576zzbyy6qi-jq-1.7.1-bin",
              "default": true
            },
            {
              "name": "man",
              "path": "/nix/store/q4p9qaif44i4saks3vinfz2rmb0v9y7l-jq-1.7.1-man",
              "default": true
            },
            {
              "name": "out",
              "path": "/nix/store/ykwd69vhal2nlqrz9fjp2llcc86qqn03-jq-1.7.1"
            },
            {
              "name": "dev",
              "path": "/nix/store/brrdfqm4lvgyb273wj1nnp5497q52gh1-jq-1.7.1-dev"
            },
            {
              "name": "doc",
              "path": "/nix/store/cmq38fl372l8lwxafqzl6cz4m3syvksw-jq-1.7.1-doc"
            },
            {
              "name": "lib",
              "path": "/nix/store/8xhqcza8rphrzmam4s8iwcpcxw0wplz9-jq-1.7.1-lib"
            }
          ],
          "store_path": "/nix/store/ahpilzy1f17m9c7kbjvv7576zzbyy6qi-jq-1.7.1-bin"
        },
        "x86_64-darwin": {
          "outputs": [
            {
              "name": "bin",
              "path": "/nix/store/4x2l3ik7jcxp50fjydhwc79rk2gywpvy-jq-1.7.1-bin",
              "default": true
            },
            {
              "name": "man",
              "path": "/nix/store/apn118f0m6sj8lacqia105n16zsd1kwc-jq-1.7.1-man",
              "default": true
            },
            {
              "name": "out",
              "path": "/nix/store/q84a2fwgbzx706g9h8jwwq0i2h97bm0y-jq-1.7.1"
            },
            {
              "name": "dev",
              "path": "/nix/store/1sx3gvxj99s43akr3cab0c8fqpxg38a9-jq-1.7.1-dev"
            },
            {
              "name": "doc",
              "path": "/nix/store/a9z5vgyap84a7w75zcn8khc6r8x8fjfp-jq-1.7.1-doc"
            },
            {
              "name": "lib",
              "path": "/nix/store/5vrryfk2lyr6a1kfp5blag5nw2344gzf-jq-1.7.1-lib"
            }
          ],
          "store_path": "/nix/store/4x2l3ik7jcxp50fjydhwc79rk2gywpvy-jq-1.7.1-bin"
        },
        "x86_64-linux": {
          "outputs": [
            {
              "name": "bin",
              "path": "/nix/store/v0azfsqv58llx12jal5ngx3mj0rj7km6-jq-1.7.1-bin",
              "default": true
            },
            {
              "name": "man",
              "path": "/nix/store/wf6x2kh1m16nhbipglxiaazsa27ni58f-jq-1.7.1-man",
              "default": true
            },
            {
              "name": "dev",
              "path": "/nix/store/3bg50gaw9hy1igq3sv4gndnvfmhwjgff-jq-1.7.1-dev"
            },
            {
              "name": "doc",
              "path": "/nix/store/sw45lawqiv53pc7pwv07bc7d8yhmya5a-jq-1.7.1-doc"
            },
            {
              "name": "lib",
              "path": "/nix/store/23jnqnvphk91kylc3gqcpdfy0m0ldz2j-jq-1.7.1-lib"
            },
            {
              "name": "out",
              "path": "/nix/store/wxxab7hxdagljsbcz2ma44mml0nv1jx0-jq-1.7.1"
            }
          ],
          "store_path": "/nix/store/v0azfsqv58llx12jal5ngx3mj0rj7km6-jq-1.7.1-bin"
        }
      }
    },
    "k9s@0.32.4": {
      "last_modified": "2024-05-29T10:04:41Z",
      "resolved": "github:NixOS/nixpkgs/ac82a513e55582291805d6f09d35b6d8b60637a1#k9s",
      "source": "devbox-search",
      "version": "0.32.4",
      "systems": {
        "aarch64-darwin": {
          "outputs": [
            {
              "name": "out",
              "path": "/nix/store/vqsxcz56vd5bw9rx2xi1ykdvr7frd4fj-k9s-0.32.4",
              "default": true
            }
          ],
          "store_path": "/nix/store/vqsxcz56vd5bw9rx2xi1ykdvr7frd4fj-k9s-0.32.4"
        },
        "aarch64-linux": {
          "outputs": [
            {
              "name": "out",
              "path": "/nix/store/gqbr35fkdbypcxirbnv1x836hjgrwwaq-k9s-0.32.4",
              "default": true
            }
          ],
          "store_path": "/nix/store/gqbr35fkdbypcxirbnv1x836hjgrwwaq-k9s-0.32.4"
        },
        "x86_64-darwin": {
          "outputs": [
            {
              "name": "out",
              "path": "/nix/store/jbs3rjjn14vkhf2z8q7l8378r28qpm2k-k9s-0.32.4",
              "default": true
            }
          ],
          "store_path": "/nix/store/jbs3rjjn14vkhf2z8q7l8378r28qpm2k-k9s-0.32.4"
        },
        "x86_64-linux": {
          "outputs": [
            {
              "name": "out",
              "path": "/nix/store/a17jz10ar0yps36fisym7hn77avqxpq7-k9s-0.32.4",
              "default": true
            }
          ],
          "store_path": "/nix/store/a17jz10ar0yps36fisym7hn77avqxpq7-k9s-0.32.4"
        }
      }
    },
    "kind@0.23.0": {
      "last_modified": "2024-05-29T10:04:41Z",
      "resolved": "github:NixOS/nixpkgs/ac82a513e55582291805d6f09d35b6d8b60637a1#kind",
      "source": "devbox-search",
      "version": "0.23.0",
      "systems": {
        "aarch64-darwin": {
          "outputs": [
            {
              "name": "out",
              "path": "/nix/store/lg81ng5l5c7naqww8qqlmqnixvpx8xzs-kind-0.23.0",
              "default": true
            }
          ],
          "store_path": "/nix/store/lg81ng5l5c7naqww8qqlmqnixvpx8xzs-kind-0.23.0"
        },
        "aarch64-linux": {
          "outputs": [
            {
              "name": "out",
              "path": "/nix/store/jndyfwjc9hsf1rhvh0yxqsqw0hqqs8j8-kind-0.23.0",
              "default": true
            }
          ],
          "store_path": "/nix/store/jndyfwjc9hsf1rhvh0yxqsqw0hqqs8j8-kind-0.23.0"
        },
        "x86_64-darwin": {
          "outputs": [
            {
              "name": "out",
              "path": "/nix/store/q1ymfg7wsdlmp9b11kpb3pmshrdfbyjj-kind-0.23.0",
              "default": true
            }
          ],
          "store_path": "/nix/store/q1ymfg7wsdlmp9b11kpb3pmshrdfbyjj-kind-0.23.0"
        },
        "x86_64-linux": {
          "outputs": [
            {
              "name": "out",
              "path": "/nix/store/8if8dwbvyalf0cfk0vkaysvcmkva9syh-kind-0.23.0",
              "default": true
            }
          ],
          "store_path": "/nix/store/8if8dwbvyalf0cfk0vkaysvcmkva9syh-kind-0.23.0"
        }
      }
    },
    "kubectl@1.29.4": {
      "last_modified": "2024-04-19T21:36:04Z",
      "resolved": "github:NixOS/nixpkgs/92d295f588631b0db2da509f381b4fb1e74173c5#kubectl",
      "source": "devbox-search",
      "version": "1.29.4",
      "systems": {
        "aarch64-darwin": {
          "outputs": [
            {
              "name": "out",
              "path": "/nix/store/wpjydnaaz6dahlavp8cll4afd9abgi9q-kubectl-1.29.4",
              "default": true
            },
            {
              "name": "man",
              "path": "/nix/store/7l0z7jvpnwmnj1g9pcflyfykn321xih4-kubectl-1.29.4-man",
              "default": true
            },
            {
              "name": "convert",
              "path": "/nix/store/z5av2wbpms2bwqk5a009lf6lm44v288v-kubectl-1.29.4-convert"
            }
          ],
          "store_path": "/nix/store/wpjydnaaz6dahlavp8cll4afd9abgi9q-kubectl-1.29.4"
        },
        "aarch64-linux": {
          "outputs": [
            {
              "name": "out",
              "path": "/nix/store/hqd784c4j64nrd1rslb9f8c51qyk13vh-kubectl-1.29.4",
              "default": true
            },
            {
              "name": "man",
              "path": "/nix/store/kjarbx8gwdbjkaaahy4zdqa4g7nm2pv9-kubectl-1.29.4-man",
              "default": true
            },
            {
              "name": "convert",
              "path": "/nix/store/d6qn1817mw5gx6r87v381pcv4myp0zm6-kubectl-1.29.4-convert"
            }
          ],
          "store_path": "/nix/store/hqd784c4j64nrd1rslb9f8c51qyk13vh-kubectl-1.29.4"
        },
        "x86_64-darwin": {
          "outputs": [
            {
              "name": "out",
              "path": "/nix/store/c6xmni82xxhwnzz1hsjs6vlf22j46i2q-kubectl-1.29.4",
              "default": true
            },
            {
              "name": "man",
              "path": "/nix/store/427pw654765qzbhqhnbxa5bfi3w7r2dg-kubectl-1.29.4-man",
              "default": true
            },
            {
              "name": "convert",
              "path": "/nix/store/rzij99nbffblpxwrdwavw4h2iavgxzcz-kubectl-1.29.4-convert"
            }
          ],
          "store_path": "/nix/store/c6xmni82xxhwnzz1hsjs6vlf22j46i2q-kubectl-1.29.4"
        },
        "x86_64-linux": {
          "outputs": [
            {
              "name": "out",
              "path": "/nix/store/wvv8p10f1cz3wbikjhlvamqzhkb3khr4-kubectl-1.29.4",
              "default": true
            },
            {
              "name": "man",
              "path": "/nix/store/ydxqa2xl8hh4sg2n56zv59fmkq979zjm-kubectl-1.29.4-man",
              "default": true
            },
            {
              "name": "convert",
              "path": "/nix/store/dp29pz35110sspxlbkn87nvjnannhnkv-kubectl-1.29.4-convert"
            }
          ],
          "store_path": "/nix/store/wvv8p10f1cz3wbikjhlvamqzhkb3khr4-kubectl-1.29.4"
        }
      }
    },
    "kubernetes-helm@3.15.1": {
      "last_modified": "2024-05-29T10:04:41Z",
      "resolved": "github:NixOS/nixpkgs/ac82a513e55582291805d6f09d35b6d8b60637a1#kubernetes-helm",
      "source": "devbox-search",
      "version": "3.15.1",
      "systems": {
        "aarch64-darwin": {
          "outputs": [
            {
              "name": "out",
              "path": "/nix/store/nipci6fqwxvyz3bcq63mz4svi5bvcpb6-kubernetes-helm-3.15.1",
              "default": true
            }
          ],
          "store_path": "/nix/store/nipci6fqwxvyz3bcq63mz4svi5bvcpb6-kubernetes-helm-3.15.1"
        },
        "aarch64-linux": {
          "outputs": [
            {
              "name": "out",
              "path": "/nix/store/axp4ixbbbxhg8f630cj6rvxjdjbx99pw-kubernetes-helm-3.15.1",
              "default": true
            }
          ],
          "store_path": "/nix/store/axp4ixbbbxhg8f630cj6rvxjdjbx99pw-kubernetes-helm-3.15.1"
        },
        "x86_64-darwin": {
          "outputs": [
            {
              "name": "out",
              "path": "/nix/store/rvdcn0nsid05i4ardmvgn38bd1fkk9rw-kubernetes-helm-3.15.1",
              "default": true
            }
          ],
          "store_path": "/nix/store/rvdcn0nsid05i4ardmvgn38bd1fkk9rw-kubernetes-helm-3.15.1"
        },
        "x86_64-linux": {
          "outputs": [
            {
              "name": "out",
              "path": "/nix/store/i24nairmnj41aq4w6x7fp8wjrcd15i13-kubernetes-helm-3.15.1",
              "default": true
            }
          ],
          "store_path": "/nix/store/i24nairmnj41aq4w6x7fp8wjrcd15i13-kubernetes-helm-3.15.1"
        }
      }
    },
    "kustomize@5.4.2": {
      "last_modified": "2024-06-06T04:00:50Z",
      "resolved": "github:NixOS/nixpkgs/818dbe2f96df233d2041739d6079bb616d3e5597#kustomize",
      "source": "devbox-search",
      "version": "5.4.2",
      "systems": {
        "aarch64-darwin": {
          "outputs": [
            {
              "name": "out",
              "path": "/nix/store/s82a1ks98cpfldwvnaqqbw62mx4f7c29-kustomize-5.4.2",
              "default": true
            }
          ],
          "store_path": "/nix/store/s82a1ks98cpfldwvnaqqbw62mx4f7c29-kustomize-5.4.2"
        },
        "aarch64-linux": {
          "outputs": [
            {
              "name": "out",
              "path": "/nix/store/y5gz9lk6jsyd7b3iy4jqx9v12vcpl06x-kustomize-5.4.2",
              "default": true
            }
          ],
          "store_path": "/nix/store/y5gz9lk6jsyd7b3iy4jqx9v12vcpl06x-kustomize-5.4.2"
        },
        "x86_64-darwin": {
          "outputs": [
            {
              "name": "out",
              "path": "/nix/store/xdarpbyv6gz4pnl7z61592ppmwvznh6d-kustomize-5.4.2",
              "default": true
            }
          ],
          "store_path": "/nix/store/xdarpbyv6gz4pnl7z61592ppmwvznh6d-kustomize-5.4.2"
        },
        "x86_64-linux": {
          "outputs": [
            {
              "name": "out",
              "path": "/nix/store/dr124zy69xxahw9iycvbbf1ss8jxh7m7-kustomize-5.4.2",
              "default": true
            }
          ],
          "store_path": "/nix/store/dr124zy69xxahw9iycvbbf1ss8jxh7m7-kustomize-5.4.2"
        }
      }
    },
    "teller@1.5.6": {
      "last_modified": "2024-05-22T06:18:38Z",
      "resolved": "github:NixOS/nixpkgs/3f316d2a50699a78afe5e77ca486ad553169061e#teller",
      "source": "devbox-search",
      "version": "1.5.6",
      "systems": {
        "aarch64-darwin": {
          "outputs": [
            {
              "name": "out",
              "path": "/nix/store/csinic7gd7ln27bys5m3lhr3nr0wqwc1-teller-1.5.6",
              "default": true
            }
          ],
          "store_path": "/nix/store/csinic7gd7ln27bys5m3lhr3nr0wqwc1-teller-1.5.6"
        },
        "aarch64-linux": {
          "outputs": [
            {
              "name": "out",
              "path": "/nix/store/v6zv4xvvc29l8ny86hkir7bzgafwgi4v-teller-1.5.6",
              "default": true
            }
          ],
          "store_path": "/nix/store/v6zv4xvvc29l8ny86hkir7bzgafwgi4v-teller-1.5.6"
        },
        "x86_64-darwin": {
          "outputs": [
            {
              "name": "out",
              "path": "/nix/store/q5k0fb4bwi1v64rsjy2kdlbh8h51b8kl-teller-1.5.6",
              "default": true
            }
          ],
          "store_path": "/nix/store/q5k0fb4bwi1v64rsjy2kdlbh8h51b8kl-teller-1.5.6"
        },
        "x86_64-linux": {
          "outputs": [
            {
              "name": "out",
              "path": "/nix/store/2r6xiywzp38nbw6vay8r4y6fy2wn2d27-teller-1.5.6",
              "default": true
            }
          ],
          "store_path": "/nix/store/2r6xiywzp38nbw6vay8r4y6fy2wn2d27-teller-1.5.6"
        }
      }
    },
    "terraform@1.8.5": {
      "last_modified": "2024-06-06T04:00:50Z",
      "resolved": "github:NixOS/nixpkgs/818dbe2f96df233d2041739d6079bb616d3e5597#terraform",
      "source": "devbox-search",
      "version": "1.8.5",
      "systems": {
        "aarch64-darwin": {
          "outputs": [
            {
              "name": "out",
              "path": "/nix/store/s12yw55srj27wmcsf9f83m4ylacgbm0k-terraform-1.8.5",
              "default": true
            }
          ],
          "store_path": "/nix/store/s12yw55srj27wmcsf9f83m4ylacgbm0k-terraform-1.8.5"
        },
        "aarch64-linux": {
          "outputs": [
            {
              "name": "out",
              "path": "/nix/store/v7dicc9h5dib6qdcx9yq9grnrn4rpkd4-terraform-1.8.5",
              "default": true
            }
          ],
          "store_path": "/nix/store/v7dicc9h5dib6qdcx9yq9grnrn4rpkd4-terraform-1.8.5"
        },
        "x86_64-darwin": {
          "outputs": [
            {
              "name": "out",
              "path": "/nix/store/b6018xyv2ab4x5vc75d388vsjp59d9gi-terraform-1.8.5",
              "default": true
            }
          ],
          "store_path": "/nix/store/b6018xyv2ab4x5vc75d388vsjp59d9gi-terraform-1.8.5"
        },
        "x86_64-linux": {
          "outputs": [
            {
              "name": "out",
              "path": "/nix/store/1qgg778clk78mh720nkblqhk3wcp04in-terraform-1.8.5",
              "default": true
            }
          ],
          "store_path": "/nix/store/1qgg778clk78mh720nkblqhk3wcp04in-terraform-1.8.5"
        }
      }
    },
    "timoni@0.21.0": {
      "last_modified": "2024-05-29T10:04:41Z",
      "resolved": "github:NixOS/nixpkgs/ac82a513e55582291805d6f09d35b6d8b60637a1#timoni",
      "source": "devbox-search",
      "version": "0.21.0",
      "systems": {
        "aarch64-darwin": {
          "outputs": [
            {
              "name": "out",
              "path": "/nix/store/k3fnapm2gw7fmqd5ggbzwfkr322byipr-timoni-0.21.0",
              "default": true
            }
          ],
          "store_path": "/nix/store/k3fnapm2gw7fmqd5ggbzwfkr322byipr-timoni-0.21.0"
        },
        "aarch64-linux": {
          "outputs": [
            {
              "name": "out",
              "path": "/nix/store/3ikgdv96wxh9pkksc4b74b9ag4a26d8c-timoni-0.21.0",
              "default": true
            }
          ],
          "store_path": "/nix/store/3ikgdv96wxh9pkksc4b74b9ag4a26d8c-timoni-0.21.0"
        },
        "x86_64-darwin": {
          "outputs": [
            {
              "name": "out",
              "path": "/nix/store/dib6i7i9qf0razqg1i2bl88dqz8skk58-timoni-0.21.0",
              "default": true
            }
          ],
          "store_path": "/nix/store/dib6i7i9qf0razqg1i2bl88dqz8skk58-timoni-0.21.0"
        },
        "x86_64-linux": {
          "outputs": [
            {
              "name": "out",
              "path": "/nix/store/l6hl5351ypqavzy58sqms7z6invmlb2b-timoni-0.21.0",
              "default": true
            }
          ],
          "store_path": "/nix/store/l6hl5351ypqavzy58sqms7z6invmlb2b-timoni-0.21.0"
        }
      }
    },
    "viddy@0.4.0": {
      "last_modified": "2024-05-29T10:04:41Z",
      "resolved": "github:NixOS/nixpkgs/ac82a513e55582291805d6f09d35b6d8b60637a1#viddy",
      "source": "devbox-search",
      "version": "0.4.0",
      "systems": {
        "aarch64-darwin": {
          "outputs": [
            {
              "name": "out",
              "path": "/nix/store/c3avgb4xc92c6z6xzhbw2drvfgf852pp-viddy-0.4.0",
              "default": true
            }
          ],
          "store_path": "/nix/store/c3avgb4xc92c6z6xzhbw2drvfgf852pp-viddy-0.4.0"
        },
        "aarch64-linux": {
          "outputs": [
            {
              "name": "out",
              "path": "/nix/store/yf89bii6pch00x06la2a6qxd7jjnh5ky-viddy-0.4.0",
              "default": true
            }
          ],
          "store_path": "/nix/store/yf89bii6pch00x06la2a6qxd7jjnh5ky-viddy-0.4.0"
        },
        "x86_64-darwin": {
          "outputs": [
            {
              "name": "out",
              "path": "/nix/store/1f46c0f13nlyrznjqmx15ik5iicl12ly-viddy-0.4.0",
              "default": true
            }
          ],
          "store_path": "/nix/store/1f46c0f13nlyrznjqmx15ik5iicl12ly-viddy-0.4.0"
        },
        "x86_64-linux": {
          "outputs": [
            {
              "name": "out",
              "path": "/nix/store/r4nc1ra0blj4ayqi05bnzh5if3ayndzc-viddy-0.4.0",
              "default": true
            }
          ],
          "store_path": "/nix/store/r4nc1ra0blj4ayqi05bnzh5if3ayndzc-viddy-0.4.0"
        }
      }
    },
    "yq-go@4.43.1": {
      "last_modified": "2024-05-03T15:42:32Z",
      "resolved": "github:NixOS/nixpkgs/5fd8536a9a5932d4ae8de52b7dc08d92041237fc#yq-go",
      "source": "devbox-search",
      "version": "4.43.1",
      "systems": {
        "aarch64-darwin": {
          "outputs": [
            {
              "name": "out",
              "path": "/nix/store/m7mw41jd42w5ccx52nz2d3r4jsjm0xvl-yq-go-4.43.1",
              "default": true
            }
          ],
          "store_path": "/nix/store/m7mw41jd42w5ccx52nz2d3r4jsjm0xvl-yq-go-4.43.1"
        },
        "aarch64-linux": {
          "outputs": [
            {
              "name": "out",
              "path": "/nix/store/wkrxvkgs094ybshniiyfhagyiqjqhmy5-yq-go-4.43.1",
              "default": true
            }
          ],
          "store_path": "/nix/store/wkrxvkgs094ybshniiyfhagyiqjqhmy5-yq-go-4.43.1"
        },
        "x86_64-darwin": {
          "outputs": [
            {
              "name": "out",
              "path": "/nix/store/yw7sqw9adsg7zwywgjj5zz804gbjh5n0-yq-go-4.43.1",
              "default": true
            }
          ],
          "store_path": "/nix/store/yw7sqw9adsg7zwywgjj5zz804gbjh5n0-yq-go-4.43.1"
        },
        "x86_64-linux": {
          "outputs": [
            {
              "name": "out",
              "path": "/nix/store/3dqrcjcsqpdlz9qzq18d1xx8ivgdlg80-yq-go-4.43.1",
              "default": true
            }
          ],
          "store_path": "/nix/store/3dqrcjcsqpdlz9qzq18d1xx8ivgdlg80-yq-go-4.43.1"
        }
      }
    }
  }
}
