{
  "lockfile_version": "1",
  "packages": {
    "awscli2@latest": {
      "last_modified": "2025-02-04T04:50:32Z",
      "resolved": "github:NixOS/nixpkgs/95ea544c84ebed84a31896b0ecea2570e5e0e236#awscli2",
      "source": "devbox-search",
      "version": "2.23.5",
      "systems": {
        "aarch64-darwin": {
          "outputs": [
            {
              "name": "out",
              "path": "/nix/store/ha82a948pgcxz28f8pkzppabbbdvcy4n-awscli2-2.23.5",
              "default": true
            },
            {
              "name": "dist",
              "path": "/nix/store/bdlg3x5ar6vzvv19n7xd4mibj4f9ifhh-awscli2-2.23.5-dist"
            }
          ],
          "store_path": "/nix/store/ha82a948pgcxz28f8pkzppabbbdvcy4n-awscli2-2.23.5"
        },
        "aarch64-linux": {
          "outputs": [
            {
              "name": "out",
              "path": "/nix/store/wry0dz12qw5qd10cbdyhasc2mda2vpj2-awscli2-2.23.5",
              "default": true
            },
            {
              "name": "dist",
              "path": "/nix/store/x1p39yaxxp6xfpmx0vzn3v5kn1hapgjc-awscli2-2.23.5-dist"
            }
          ],
          "store_path": "/nix/store/wry0dz12qw5qd10cbdyhasc2mda2vpj2-awscli2-2.23.5"
        },
        "x86_64-darwin": {
          "outputs": [
            {
              "name": "out",
              "path": "/nix/store/9jif79b32ykpydflmdmqpc77pyylvcb2-awscli2-2.23.5",
              "default": true
            },
            {
              "name": "dist",
              "path": "/nix/store/n89ai9vnmmphfrisbb0albivixiv8rhz-awscli2-2.23.5-dist"
            }
          ],
          "store_path": "/nix/store/9jif79b32ykpydflmdmqpc77pyylvcb2-awscli2-2.23.5"
        },
        "x86_64-linux": {
          "outputs": [
            {
              "name": "out",
              "path": "/nix/store/7ygka040zcgz8ylr1g37h2hygbw0jzj6-awscli2-2.23.5",
              "default": true
            },
            {
              "name": "dist",
              "path": "/nix/store/5zq2rnqfcs02zj9cc32cx7lkk97jcpkr-awscli2-2.23.5-dist"
            }
          ],
          "store_path": "/nix/store/7ygka040zcgz8ylr1g37h2hygbw0jzj6-awscli2-2.23.5"
        }
      }
    },
    "azure-cli@latest": {
      "last_modified": "2025-02-01T23:23:45Z",
      "resolved": "github:NixOS/nixpkgs/6c4e0724e0a785a20679b1bca3a46bfce60f05b6#azure-cli",
      "source": "devbox-search",
      "version": "2.68.0",
      "systems": {
        "aarch64-darwin": {
          "outputs": [
            {
              "name": "out",
              "path": "/nix/store/9kp1c923nwb9zia2b4fccg4vn44cfmf1-python3.12-azure-cli-2.68.0",
              "default": true
            },
            {
              "name": "dist",
              "path": "/nix/store/jllr8dc4n2ciwhr9jr1kzhdh9x2344nn-python3.12-azure-cli-2.68.0-dist"
            }
          ],
          "store_path": "/nix/store/9kp1c923nwb9zia2b4fccg4vn44cfmf1-python3.12-azure-cli-2.68.0"
        },
        "aarch64-linux": {
          "outputs": [
            {
              "name": "out",
              "path": "/nix/store/0i5jw53gz9jgvwckhh7s2y2lawv4mqpm-python3.12-azure-cli-2.68.0",
              "default": true
            },
            {
              "name": "dist",
              "path": "/nix/store/dkssjshiln9ix22nqw8bq9j10frl27lw-python3.12-azure-cli-2.68.0-dist"
            }
          ],
          "store_path": "/nix/store/0i5jw53gz9jgvwckhh7s2y2lawv4mqpm-python3.12-azure-cli-2.68.0"
        },
        "x86_64-darwin": {
          "outputs": [
            {
              "name": "out",
              "path": "/nix/store/sfmvpf62fv2ikhzsgk4m8bx631dlzkrp-python3.12-azure-cli-2.68.0",
              "default": true
            },
            {
              "name": "dist",
              "path": "/nix/store/kdxg8g3bwywl1m0q9a92infwfxvfhls7-python3.12-azure-cli-2.68.0-dist"
            }
          ],
          "store_path": "/nix/store/sfmvpf62fv2ikhzsgk4m8bx631dlzkrp-python3.12-azure-cli-2.68.0"
        },
        "x86_64-linux": {
          "outputs": [
            {
              "name": "out",
              "path": "/nix/store/0bj3l3sf9fny4ziz2y0322s1fy67ampc-python3.12-azure-cli-2.68.0",
              "default": true
            },
            {
              "name": "dist",
              "path": "/nix/store/540ahpik1n67ky3q9gavs0q331qz0rp4-python3.12-azure-cli-2.68.0-dist"
            }
          ],
          "store_path": "/nix/store/0bj3l3sf9fny4ziz2y0322s1fy67ampc-python3.12-azure-cli-2.68.0"
        }
      }
    },
    "bat@latest": {
      "last_modified": "2025-01-19T08:16:51Z",
      "resolved": "github:NixOS/nixpkgs/50165c4f7eb48ce82bd063e1fb8047a0f515f8ce#bat",
      "source": "devbox-search",
      "version": "0.25.0",
      "systems": {
        "aarch64-darwin": {
          "outputs": [
            {
              "name": "out",
              "path": "/nix/store/64j9hxqbm4x1f1w2ci8wmkshipglmylr-bat-0.25.0",
              "default": true
            }
          ],
          "store_path": "/nix/store/64j9hxqbm4x1f1w2ci8wmkshipglmylr-bat-0.25.0"
        },
        "aarch64-linux": {
          "outputs": [
            {
              "name": "out",
              "path": "/nix/store/anyzgi7mcih0w0kcah481yyx0q4xm2z0-bat-0.25.0",
              "default": true
            }
          ],
          "store_path": "/nix/store/anyzgi7mcih0w0kcah481yyx0q4xm2z0-bat-0.25.0"
        },
        "x86_64-darwin": {
          "outputs": [
            {
              "name": "out",
              "path": "/nix/store/5r2f874181wzkkv9kasxwgpysnjs931h-bat-0.25.0",
              "default": true
            }
          ],
          "store_path": "/nix/store/5r2f874181wzkkv9kasxwgpysnjs931h-bat-0.25.0"
        },
        "x86_64-linux": {
          "outputs": [
            {
              "name": "out",
              "path": "/nix/store/gripb51fm48l44qwhm0bk0ji3b55ki03-bat-0.25.0",
              "default": true
            }
          ],
          "store_path": "/nix/store/gripb51fm48l44qwhm0bk0ji3b55ki03-bat-0.25.0"
        }
      }
    },
    "buildpack@latest": {
      "last_modified": "2025-01-27T01:46:17Z",
      "resolved": "github:NixOS/nixpkgs/88a55dffa4d44d294c74c298daf75824dc0aafb5#buildpack",
      "source": "devbox-search",
      "version": "0.36.4",
      "systems": {
        "aarch64-darwin": {
          "outputs": [
            {
              "name": "out",
              "path": "/nix/store/x4rhv9887166q20l1wy3wkin0ck49836-pack-0.36.4",
              "default": true
            }
          ],
          "store_path": "/nix/store/x4rhv9887166q20l1wy3wkin0ck49836-pack-0.36.4"
        },
        "aarch64-linux": {
          "outputs": [
            {
              "name": "out",
              "path": "/nix/store/wrq28p1zifkxc9xcdz4prm5qi1c4c212-pack-0.36.4",
              "default": true
            }
          ],
          "store_path": "/nix/store/wrq28p1zifkxc9xcdz4prm5qi1c4c212-pack-0.36.4"
        },
        "x86_64-darwin": {
          "outputs": [
            {
              "name": "out",
              "path": "/nix/store/9k8n7njj9zrgb4ilw6mzsiycaqzcp8is-pack-0.36.4",
              "default": true
            }
          ],
          "store_path": "/nix/store/9k8n7njj9zrgb4ilw6mzsiycaqzcp8is-pack-0.36.4"
        },
        "x86_64-linux": {
          "outputs": [
            {
              "name": "out",
              "path": "/nix/store/vxhf1cm6bk7ss88dlqjngdn2yvr6yyij-pack-0.36.4",
              "default": true
            }
          ],
          "store_path": "/nix/store/vxhf1cm6bk7ss88dlqjngdn2yvr6yyij-pack-0.36.4"
        }
      }
    },
    "cilium-cli@latest": {
      "last_modified": "2025-02-04T04:50:32Z",
      "resolved": "github:NixOS/nixpkgs/95ea544c84ebed84a31896b0ecea2570e5e0e236#cilium-cli",
      "source": "devbox-search",
      "version": "0.16.24",
      "systems": {
        "aarch64-darwin": {
          "outputs": [
            {
              "name": "out",
              "path": "/nix/store/rrkjn1m04imlixy5vsyhcpivig9m64wq-cilium-cli-0.16.24",
              "default": true
            }
          ],
          "store_path": "/nix/store/rrkjn1m04imlixy5vsyhcpivig9m64wq-cilium-cli-0.16.24"
        },
        "aarch64-linux": {
          "outputs": [
            {
              "name": "out",
              "path": "/nix/store/sfk54fjd9197vcfz3yslzkpw3kff4fjy-cilium-cli-0.16.24",
              "default": true
            }
          ],
          "store_path": "/nix/store/sfk54fjd9197vcfz3yslzkpw3kff4fjy-cilium-cli-0.16.24"
        },
        "x86_64-darwin": {
          "outputs": [
            {
              "name": "out",
              "path": "/nix/store/ngdhpnsjhc9y7qbv87v69da4942zw0zw-cilium-cli-0.16.24",
              "default": true
            }
          ],
          "store_path": "/nix/store/ngdhpnsjhc9y7qbv87v69da4942zw0zw-cilium-cli-0.16.24"
        },
        "x86_64-linux": {
          "outputs": [
            {
              "name": "out",
              "path": "/nix/store/c0yria40vvxw7cwz7xdkv3ch18ycskgj-cilium-cli-0.16.24",
              "default": true
            }
          ],
          "store_path": "/nix/store/c0yria40vvxw7cwz7xdkv3ch18ycskgj-cilium-cli-0.16.24"
        }
      }
    },
    "civo@latest": {
      "last_modified": "2025-01-19T08:16:51Z",
      "resolved": "github:NixOS/nixpkgs/50165c4f7eb48ce82bd063e1fb8047a0f515f8ce#civo",
      "source": "devbox-search",
      "version": "1.1.95",
      "systems": {
        "aarch64-darwin": {
          "outputs": [
            {
              "name": "out",
              "path": "/nix/store/s69v8z6f3zgbfw6rap91g8yhcq2azn7q-civo-1.1.95",
              "default": true
            }
          ],
          "store_path": "/nix/store/s69v8z6f3zgbfw6rap91g8yhcq2azn7q-civo-1.1.95"
        },
        "aarch64-linux": {
          "outputs": [
            {
              "name": "out",
              "path": "/nix/store/jd7dgs2f9wgc66hai1mgs7vg2bm5d1v8-civo-1.1.95",
              "default": true
            }
          ],
          "store_path": "/nix/store/jd7dgs2f9wgc66hai1mgs7vg2bm5d1v8-civo-1.1.95"
        },
        "x86_64-darwin": {
          "outputs": [
            {
              "name": "out",
              "path": "/nix/store/vkjipxiszbm95i5rkd3lkwjhbqcwn4pf-civo-1.1.95",
              "default": true
            }
          ],
          "store_path": "/nix/store/vkjipxiszbm95i5rkd3lkwjhbqcwn4pf-civo-1.1.95"
        },
        "x86_64-linux": {
          "outputs": [
            {
              "name": "out",
              "path": "/nix/store/fr308kbgvgsycniymkw93vz54pfx4f32-civo-1.1.95",
              "default": true
            }
          ],
          "store_path": "/nix/store/fr308kbgvgsycniymkw93vz54pfx4f32-civo-1.1.95"
        }
      }
    },
    "cosign@latest": {
      "last_modified": "2025-01-19T08:16:51Z",
      "resolved": "github:NixOS/nixpkgs/50165c4f7eb48ce82bd063e1fb8047a0f515f8ce#cosign",
      "source": "devbox-search",
      "version": "2.4.1",
      "systems": {
        "aarch64-darwin": {
          "outputs": [
            {
              "name": "out",
              "path": "/nix/store/z2ks68i8nbzp0v4bv6rgfl497m3wqg7m-cosign-2.4.1",
              "default": true
            }
          ],
          "store_path": "/nix/store/z2ks68i8nbzp0v4bv6rgfl497m3wqg7m-cosign-2.4.1"
        },
        "aarch64-linux": {
          "outputs": [
            {
              "name": "out",
              "path": "/nix/store/bg5vb890i6dwcdlr89ihqr1wzyassw1i-cosign-2.4.1",
              "default": true
            }
          ],
          "store_path": "/nix/store/bg5vb890i6dwcdlr89ihqr1wzyassw1i-cosign-2.4.1"
        },
        "x86_64-darwin": {
          "outputs": [
            {
              "name": "out",
              "path": "/nix/store/hnqflpvi8z5g2c5jlmds1czxz0qwk6nv-cosign-2.4.1",
              "default": true
            }
          ],
          "store_path": "/nix/store/hnqflpvi8z5g2c5jlmds1czxz0qwk6nv-cosign-2.4.1"
        },
        "x86_64-linux": {
          "outputs": [
            {
              "name": "out",
              "path": "/nix/store/wxhiz0ljc4l62mghyriiib6sk7k1j47x-cosign-2.4.1",
              "default": true
            }
          ],
          "store_path": "/nix/store/wxhiz0ljc4l62mghyriiib6sk7k1j47x-cosign-2.4.1"
        }
      }
    },
    "crossplane-cli@latest": {
      "last_modified": "2025-01-19T08:16:51Z",
      "resolved": "github:NixOS/nixpkgs/50165c4f7eb48ce82bd063e1fb8047a0f515f8ce#crossplane-cli",
      "source": "devbox-search",
      "version": "1.18.2",
      "systems": {
        "aarch64-darwin": {
          "outputs": [
            {
              "name": "out",
              "path": "/nix/store/9k4bqlgnf06iqka0fy58xh7blafps9px-crossplane-cli-1.18.2",
              "default": true
            }
          ],
          "store_path": "/nix/store/9k4bqlgnf06iqka0fy58xh7blafps9px-crossplane-cli-1.18.2"
        },
        "aarch64-linux": {
          "outputs": [
            {
              "name": "out",
              "path": "/nix/store/36035i2wvmplf3akfisrxxzrzbm25anh-crossplane-cli-1.18.2",
              "default": true
            }
          ],
          "store_path": "/nix/store/36035i2wvmplf3akfisrxxzrzbm25anh-crossplane-cli-1.18.2"
        },
        "x86_64-darwin": {
          "outputs": [
            {
              "name": "out",
              "path": "/nix/store/73aklwnb90nlc82x338qnmyiqvm67g9r-crossplane-cli-1.18.2",
              "default": true
            }
          ],
          "store_path": "/nix/store/73aklwnb90nlc82x338qnmyiqvm67g9r-crossplane-cli-1.18.2"
        },
        "x86_64-linux": {
          "outputs": [
            {
              "name": "out",
              "path": "/nix/store/prj59cmiq1683hpf26b12mxf1l5lgbh3-crossplane-cli-1.18.2",
              "default": true
            }
          ],
          "store_path": "/nix/store/prj59cmiq1683hpf26b12mxf1l5lgbh3-crossplane-cli-1.18.2"
        }
      }
    },
    "cue@latest": {
      "last_modified": "2025-01-24T01:56:22Z",
      "resolved": "github:NixOS/nixpkgs/4dfc61e9cd0c26b3bc3e6d6fac3ba10d18959fc4#cue",
      "source": "devbox-search",
      "version": "0.11.2",
      "systems": {
        "aarch64-darwin": {
          "outputs": [
            {
              "name": "out",
              "path": "/nix/store/bjqdaalwdvpzx1315pkdin1dprgvbqy3-cue-0.11.2",
              "default": true
            }
          ],
          "store_path": "/nix/store/bjqdaalwdvpzx1315pkdin1dprgvbqy3-cue-0.11.2"
        },
        "aarch64-linux": {
          "outputs": [
            {
              "name": "out",
              "path": "/nix/store/rnfx6zif95j103jxcqlqiphhdd13yh89-cue-0.11.2",
              "default": true
            }
          ],
          "store_path": "/nix/store/rnfx6zif95j103jxcqlqiphhdd13yh89-cue-0.11.2"
        },
        "x86_64-darwin": {
          "outputs": [
            {
              "name": "out",
              "path": "/nix/store/wx6k7c6zmjxasr2kzqmgaym8h029l50r-cue-0.11.2",
              "default": true
            }
          ],
          "store_path": "/nix/store/wx6k7c6zmjxasr2kzqmgaym8h029l50r-cue-0.11.2"
        },
        "x86_64-linux": {
          "outputs": [
            {
              "name": "out",
              "path": "/nix/store/6zc4m0nsv78jms862qm06m10sqf94h9c-cue-0.11.2",
              "default": true
            }
          ],
          "store_path": "/nix/store/6zc4m0nsv78jms862qm06m10sqf94h9c-cue-0.11.2"
        }
      }
    },
    "doctl@latest": {
      "last_modified": "2025-01-20T10:56:48Z",
      "resolved": "github:NixOS/nixpkgs/300081d0cc72df578b02d914df941b8ec62240e6#doctl",
      "source": "devbox-search",
      "version": "1.120.2",
      "systems": {
        "aarch64-darwin": {
          "outputs": [
            {
              "name": "out",
              "path": "/nix/store/wagq5si7gmrdkrh7bjpikhj8j9val8yk-doctl-1.120.2",
              "default": true
            }
          ],
          "store_path": "/nix/store/wagq5si7gmrdkrh7bjpikhj8j9val8yk-doctl-1.120.2"
        },
        "aarch64-linux": {
          "outputs": [
            {
              "name": "out",
              "path": "/nix/store/ybphb89z9wq56d0acp0m3ijc4vxb038v-doctl-1.120.2",
              "default": true
            }
          ],
          "store_path": "/nix/store/ybphb89z9wq56d0acp0m3ijc4vxb038v-doctl-1.120.2"
        },
        "x86_64-darwin": {
          "outputs": [
            {
              "name": "out",
              "path": "/nix/store/02nj91psyn3ldkslqg9sx9mlg26m257l-doctl-1.120.2",
              "default": true
            }
          ],
          "store_path": "/nix/store/02nj91psyn3ldkslqg9sx9mlg26m257l-doctl-1.120.2"
        },
        "x86_64-linux": {
          "outputs": [
            {
              "name": "out",
              "path": "/nix/store/z454d35b79ggyjgrmkz9vppvkphj53zr-doctl-1.120.2",
              "default": true
            }
          ],
          "store_path": "/nix/store/z454d35b79ggyjgrmkz9vppvkphj53zr-doctl-1.120.2"
        }
      }
    },
    "eksctl@latest": {
      "last_modified": "2025-02-04T04:50:32Z",
      "resolved": "github:NixOS/nixpkgs/95ea544c84ebed84a31896b0ecea2570e5e0e236#eksctl",
      "source": "devbox-search",
      "version": "0.203.0",
      "systems": {
        "aarch64-darwin": {
          "outputs": [
            {
              "name": "out",
              "path": "/nix/store/0hxaw296k99af7qmhil8v5mjyd7yh2n8-eksctl-0.203.0",
              "default": true
            }
          ],
          "store_path": "/nix/store/0hxaw296k99af7qmhil8v5mjyd7yh2n8-eksctl-0.203.0"
        },
        "aarch64-linux": {
          "outputs": [
            {
              "name": "out",
              "path": "/nix/store/qx0gkx46ljiamjw18q3szymv7xrknr9s-eksctl-0.203.0",
              "default": true
            }
          ],
          "store_path": "/nix/store/qx0gkx46ljiamjw18q3szymv7xrknr9s-eksctl-0.203.0"
        },
        "x86_64-darwin": {
          "outputs": [
            {
              "name": "out",
              "path": "/nix/store/sv20llhxw9jb5xgz470v5hg5aqwad7dn-eksctl-0.203.0",
              "default": true
            }
          ],
          "store_path": "/nix/store/sv20llhxw9jb5xgz470v5hg5aqwad7dn-eksctl-0.203.0"
        },
        "x86_64-linux": {
          "outputs": [
            {
              "name": "out",
              "path": "/nix/store/9r2rsdffslkinn62scam7akz5kgwd251-eksctl-0.203.0",
              "default": true
            }
          ],
          "store_path": "/nix/store/9r2rsdffslkinn62scam7akz5kgwd251-eksctl-0.203.0"
        }
      }
    },
    "etcdctl@latest": {
      "last_modified": "2022-02-15T04:21:50Z",
      "resolved": "github:NixOS/nixpkgs/3a641defd170a4ef25ce8c7c64cb13f91f867fca#etcdctl",
      "source": "devbox-search",
      "version": "3.3.27"
    },
    "gh@latest": {
      "last_modified": "2025-02-01T15:12:02Z",
      "resolved": "github:NixOS/nixpkgs/102a39bfee444533e6b4e8611d7e92aa39b7bec1#gh",
      "source": "devbox-search",
      "version": "2.66.1",
      "systems": {
        "aarch64-darwin": {
          "outputs": [
            {
              "name": "out",
              "path": "/nix/store/dvy3rk4jxx10ll5mhh0g8a260l2m1c1c-gh-2.66.1",
              "default": true
            }
          ],
          "store_path": "/nix/store/dvy3rk4jxx10ll5mhh0g8a260l2m1c1c-gh-2.66.1"
        },
        "aarch64-linux": {
          "outputs": [
            {
              "name": "out",
              "path": "/nix/store/k6dk8k0wi06k8wrphrkq8pypcql2jx9w-gh-2.66.1",
              "default": true
            }
          ],
          "store_path": "/nix/store/k6dk8k0wi06k8wrphrkq8pypcql2jx9w-gh-2.66.1"
        },
        "x86_64-darwin": {
          "outputs": [
            {
              "name": "out",
              "path": "/nix/store/yhlzsr96n9a5807r8glh89mj66dbk58z-gh-2.66.1",
              "default": true
            }
          ],
          "store_path": "/nix/store/yhlzsr96n9a5807r8glh89mj66dbk58z-gh-2.66.1"
        },
        "x86_64-linux": {
          "outputs": [
            {
              "name": "out",
              "path": "/nix/store/3laqs1ys46ryva9mcmk1q5yvn1k3xhyc-gh-2.66.1",
              "default": true
            }
          ],
          "store_path": "/nix/store/3laqs1ys46ryva9mcmk1q5yvn1k3xhyc-gh-2.66.1"
        }
      }
    },
    "go@latest": {
      "last_modified": "2025-01-19T08:16:51Z",
      "resolved": "github:NixOS/nixpkgs/50165c4f7eb48ce82bd063e1fb8047a0f515f8ce#go",
      "source": "devbox-search",
      "version": "1.23.4",
      "systems": {
        "aarch64-darwin": {
          "outputs": [
            {
              "name": "out",
              "path": "/nix/store/lg7l1czmd5hqwwhjszprdz342q98zmkw-go-1.23.4",
              "default": true
            }
          ],
          "store_path": "/nix/store/lg7l1czmd5hqwwhjszprdz342q98zmkw-go-1.23.4"
        },
        "aarch64-linux": {
          "outputs": [
            {
              "name": "out",
              "path": "/nix/store/2x7k6yj9z37s3d3x5j3kkz6bcak8k9qr-go-1.23.4",
              "default": true
            }
          ],
          "store_path": "/nix/store/2x7k6yj9z37s3d3x5j3kkz6bcak8k9qr-go-1.23.4"
        },
        "x86_64-darwin": {
          "outputs": [
            {
              "name": "out",
              "path": "/nix/store/8x0ag0v37rfy9z58a8yy3hakj3dzdr9c-go-1.23.4",
              "default": true
            }
          ],
          "store_path": "/nix/store/8x0ag0v37rfy9z58a8yy3hakj3dzdr9c-go-1.23.4"
        },
        "x86_64-linux": {
          "outputs": [
            {
              "name": "out",
              "path": "/nix/store/0b6vsy4fa4i4qpk1011hi6251nwdg5y8-go-1.23.4",
              "default": true
            }
          ],
          "store_path": "/nix/store/0b6vsy4fa4i4qpk1011hi6251nwdg5y8-go-1.23.4"
        }
      }
    },
    "google-cloud-sdk@latest": {
      "last_modified": "2025-01-21T12:51:11Z",
      "resolved": "github:NixOS/nixpkgs/e1996d7bdaf4eafdb85690079b9e02b25dc14e4f#google-cloud-sdk",
      "source": "devbox-search",
      "version": "506.0.0",
      "systems": {
        "aarch64-darwin": {
          "outputs": [
            {
              "name": "out",
              "path": "/nix/store/5qqjgj1vhjkhlc0imp8nrrqfhh6rfrbq-google-cloud-sdk-506.0.0",
              "default": true
            }
          ],
          "store_path": "/nix/store/5qqjgj1vhjkhlc0imp8nrrqfhh6rfrbq-google-cloud-sdk-506.0.0"
        },
        "aarch64-linux": {
          "outputs": [
            {
              "name": "out",
              "path": "/nix/store/y0v940gkq0y6gxygidqrsgaaifvcx5mp-google-cloud-sdk-506.0.0",
              "default": true
            }
          ],
          "store_path": "/nix/store/y0v940gkq0y6gxygidqrsgaaifvcx5mp-google-cloud-sdk-506.0.0"
        },
        "x86_64-darwin": {
          "outputs": [
            {
              "name": "out",
              "path": "/nix/store/06li7x0cw35j5kcaa6ia16h7r4y732ca-google-cloud-sdk-506.0.0",
              "default": true
            }
          ],
          "store_path": "/nix/store/06li7x0cw35j5kcaa6ia16h7r4y732ca-google-cloud-sdk-506.0.0"
        },
        "x86_64-linux": {
          "outputs": [
            {
              "name": "out",
              "path": "/nix/store/xhfw6qv0r97pp6js1jps1cyk1b0yf6fg-google-cloud-sdk-506.0.0",
              "default": true
            }
          ],
          "store_path": "/nix/store/xhfw6qv0r97pp6js1jps1cyk1b0yf6fg-google-cloud-sdk-506.0.0"
        }
      }
    },
    "gum@latest": {
      "last_modified": "2025-01-29T07:48:22Z",
      "resolved": "github:NixOS/nixpkgs/9a5db3142ce450045840cc8d832b13b8a2018e0c#gum",
      "source": "devbox-search",
      "version": "0.15.1",
      "systems": {
        "aarch64-darwin": {
          "outputs": [
            {
              "name": "out",
              "path": "/nix/store/x8ppzim6x8amxzrkqb85905p0a8nsrda-gum-0.15.1",
              "default": true
            }
          ],
          "store_path": "/nix/store/x8ppzim6x8amxzrkqb85905p0a8nsrda-gum-0.15.1"
        },
        "aarch64-linux": {
          "outputs": [
            {
              "name": "out",
              "path": "/nix/store/87bbw3ax9jl3hnsij4ph8di5xyxb0q9l-gum-0.15.1",
              "default": true
            }
          ],
          "store_path": "/nix/store/87bbw3ax9jl3hnsij4ph8di5xyxb0q9l-gum-0.15.1"
        },
        "x86_64-darwin": {
          "outputs": [
            {
              "name": "out",
              "path": "/nix/store/x9a7n57fw4l6g50bgchsfzwwi5rw5nfy-gum-0.15.1",
              "default": true
            }
          ],
          "store_path": "/nix/store/x9a7n57fw4l6g50bgchsfzwwi5rw5nfy-gum-0.15.1"
        },
        "x86_64-linux": {
          "outputs": [
            {
              "name": "out",
              "path": "/nix/store/srq6a403xm2zmycsfhhxq5bqrdl1v7j5-gum-0.15.1",
              "default": true
            }
          ],
          "store_path": "/nix/store/srq6a403xm2zmycsfhhxq5bqrdl1v7j5-gum-0.15.1"
        }
      }
    },
    "hubble@latest": {
      "last_modified": "2025-01-19T08:16:51Z",
      "resolved": "github:NixOS/nixpkgs/50165c4f7eb48ce82bd063e1fb8047a0f515f8ce#hubble",
      "source": "devbox-search",
      "version": "0.13.6",
      "systems": {
        "aarch64-darwin": {
          "outputs": [
            {
              "name": "out",
              "path": "/nix/store/fxnsphfaw0nm5cyllz8crnw3vsda5vvi-hubble-0.13.6",
              "default": true
            }
          ],
          "store_path": "/nix/store/fxnsphfaw0nm5cyllz8crnw3vsda5vvi-hubble-0.13.6"
        },
        "aarch64-linux": {
          "outputs": [
            {
              "name": "out",
              "path": "/nix/store/35b129hyxy86g6lq1hfh6jd4jkaq5zj3-hubble-0.13.6",
              "default": true
            }
          ],
          "store_path": "/nix/store/35b129hyxy86g6lq1hfh6jd4jkaq5zj3-hubble-0.13.6"
        },
        "x86_64-darwin": {
          "outputs": [
            {
              "name": "out",
              "path": "/nix/store/xjaldlzr20m6gfx1zf0la7vrp9dfla6k-hubble-0.13.6",
              "default": true
            }
          ],
          "store_path": "/nix/store/xjaldlzr20m6gfx1zf0la7vrp9dfla6k-hubble-0.13.6"
        },
        "x86_64-linux": {
          "outputs": [
            {
              "name": "out",
              "path": "/nix/store/pl1a736b3fr4fnqy0n9ii3ln5idf0x06-hubble-0.13.6",
              "default": true
            }
          ],
          "store_path": "/nix/store/pl1a736b3fr4fnqy0n9ii3ln5idf0x06-hubble-0.13.6"
        }
      }
    },
    "jq@latest": {
      "last_modified": "2025-02-05T05:41:33Z",
      "resolved": "github:NixOS/nixpkgs/5b2753b0356d1c951d7a3ef1d086ba5a71fff43c#jq",
      "source": "devbox-search",
      "version": "1.7.1",
      "systems": {
        "aarch64-darwin": {
          "outputs": [
            {
              "name": "bin",
              "path": "/nix/store/ri8k487849v9b290iz384pi1lgw7n585-jq-1.7.1-bin",
              "default": true
            },
            {
              "name": "man",
              "path": "/nix/store/l9nf6sjs9hyvjfkmm9njw00mmvh88f6n-jq-1.7.1-man",
              "default": true
            },
            {
              "name": "dev",
              "path": "/nix/store/n7880d10c16s05bzg4xh4ak9j7fz9440-jq-1.7.1-dev"
            },
            {
              "name": "doc",
              "path": "/nix/store/axim640z0z67x48qr8nq79qph5j3vj05-jq-1.7.1-doc"
            },
            {
              "name": "out",
              "path": "/nix/store/sj86jzxi9p5pipih6fx7sw9pw6j54qbl-jq-1.7.1"
            }
          ],
          "store_path": "/nix/store/ri8k487849v9b290iz384pi1lgw7n585-jq-1.7.1-bin"
        },
        "aarch64-linux": {
          "outputs": [
            {
              "name": "bin",
              "path": "/nix/store/z5vhfsyh4yh7f018q036q260h363a56w-jq-1.7.1-bin",
              "default": true
            },
            {
              "name": "man",
              "path": "/nix/store/hvb2dfhc1k02abmai7n3bxi2w7i85k3q-jq-1.7.1-man",
              "default": true
            },
            {
              "name": "out",
              "path": "/nix/store/qky6im9rkx32bkngy05lgf2j2mhc9sa1-jq-1.7.1"
            },
            {
              "name": "dev",
              "path": "/nix/store/6xqw0a045m2s6kg7bdx8f0y88x55iw18-jq-1.7.1-dev"
            },
            {
              "name": "doc",
              "path": "/nix/store/7120g78wnwvhsazmd65g3v6hkn7fijj6-jq-1.7.1-doc"
            }
          ],
          "store_path": "/nix/store/z5vhfsyh4yh7f018q036q260h363a56w-jq-1.7.1-bin"
        },
        "x86_64-darwin": {
          "outputs": [
            {
              "name": "bin",
              "path": "/nix/store/1g73qfq41vldzhaxz82f9dbw3pvsgr5g-jq-1.7.1-bin",
              "default": true
            },
            {
              "name": "man",
              "path": "/nix/store/l9jl6mn6f7z8ki4wg4zqa28l3222wbdb-jq-1.7.1-man",
              "default": true
            },
            {
              "name": "dev",
              "path": "/nix/store/xfa0x8yf8nqka5fjvknmwnbgsixx0rqf-jq-1.7.1-dev"
            },
            {
              "name": "doc",
              "path": "/nix/store/3d3vbk2iwg3c2kgbmmr6r6707xkszhy4-jq-1.7.1-doc"
            },
            {
              "name": "out",
              "path": "/nix/store/03q69wc4wg57w1i5bapd0671a8wimfhf-jq-1.7.1"
            }
          ],
          "store_path": "/nix/store/1g73qfq41vldzhaxz82f9dbw3pvsgr5g-jq-1.7.1-bin"
        },
        "x86_64-linux": {
          "outputs": [
            {
              "name": "bin",
              "path": "/nix/store/69msxmwsxfbxx8mzigzrfppgz6qk1sx8-jq-1.7.1-bin",
              "default": true
            },
            {
              "name": "man",
              "path": "/nix/store/0j2mhyyc4rp63wlqip4n9j356nlcqznv-jq-1.7.1-man",
              "default": true
            },
            {
              "name": "dev",
              "path": "/nix/store/135pr45fck6iqk1mym8rlb9hz0vxn2cj-jq-1.7.1-dev"
            },
            {
              "name": "doc",
              "path": "/nix/store/bnzrjq3bpagqhd55mz09i8lx6l2qzwq4-jq-1.7.1-doc"
            },
            {
              "name": "out",
              "path": "/nix/store/rxy1z6zcwgrj59gn91r561s3dj0xgjqg-jq-1.7.1"
            }
          ],
          "store_path": "/nix/store/69msxmwsxfbxx8mzigzrfppgz6qk1sx8-jq-1.7.1-bin"
        }
      }
    },
    "k9s@latest": {
      "last_modified": "2025-01-19T08:16:51Z",
      "resolved": "github:NixOS/nixpkgs/50165c4f7eb48ce82bd063e1fb8047a0f515f8ce#k9s",
      "source": "devbox-search",
      "version": "0.32.7",
      "systems": {
        "aarch64-darwin": {
          "outputs": [
            {
              "name": "out",
              "path": "/nix/store/davyazrjq67v3asr3c166xwh2q4q2wmj-k9s-0.32.7",
              "default": true
            }
          ],
          "store_path": "/nix/store/davyazrjq67v3asr3c166xwh2q4q2wmj-k9s-0.32.7"
        },
        "aarch64-linux": {
          "outputs": [
            {
              "name": "out",
              "path": "/nix/store/jkibg8q4phcw1yj8lx5f5avshzbjjr8f-k9s-0.32.7",
              "default": true
            }
          ],
          "store_path": "/nix/store/jkibg8q4phcw1yj8lx5f5avshzbjjr8f-k9s-0.32.7"
        },
        "x86_64-darwin": {
          "outputs": [
            {
              "name": "out",
              "path": "/nix/store/3j6m04knddvzgcq3xp0vr1551s6ii93s-k9s-0.32.7",
              "default": true
            }
          ],
          "store_path": "/nix/store/3j6m04knddvzgcq3xp0vr1551s6ii93s-k9s-0.32.7"
        },
        "x86_64-linux": {
          "outputs": [
            {
              "name": "out",
              "path": "/nix/store/m8d3pcdzrcfvy3rzkjpgfr0v94a1pf4i-k9s-0.32.7",
              "default": true
            }
          ],
          "store_path": "/nix/store/m8d3pcdzrcfvy3rzkjpgfr0v94a1pf4i-k9s-0.32.7"
        }
      }
    },
    "kind@latest": {
      "last_modified": "2025-01-19T08:16:51Z",
      "resolved": "github:NixOS/nixpkgs/50165c4f7eb48ce82bd063e1fb8047a0f515f8ce#kind",
      "source": "devbox-search",
      "version": "0.26.0",
      "systems": {
        "aarch64-darwin": {
          "outputs": [
            {
              "name": "out",
              "path": "/nix/store/4j12j5zijvbcyafx85a2qh8jkv4m6lnz-kind-0.26.0",
              "default": true
            }
          ],
          "store_path": "/nix/store/4j12j5zijvbcyafx85a2qh8jkv4m6lnz-kind-0.26.0"
        },
        "aarch64-linux": {
          "outputs": [
            {
              "name": "out",
              "path": "/nix/store/gkpan5sh4kmbxknrf79p9ssd1j024ydb-kind-0.26.0",
              "default": true
            }
          ],
          "store_path": "/nix/store/gkpan5sh4kmbxknrf79p9ssd1j024ydb-kind-0.26.0"
        },
        "x86_64-darwin": {
          "outputs": [
            {
              "name": "out",
              "path": "/nix/store/2vsw8jyi2n4sm74sk1kbff6hq5v8nz6i-kind-0.26.0",
              "default": true
            }
          ],
          "store_path": "/nix/store/2vsw8jyi2n4sm74sk1kbff6hq5v8nz6i-kind-0.26.0"
        },
        "x86_64-linux": {
          "outputs": [
            {
              "name": "out",
              "path": "/nix/store/hp80rb9dpsk2wj5db2zngh5b8hrgwy4k-kind-0.26.0",
              "default": true
            }
          ],
          "store_path": "/nix/store/hp80rb9dpsk2wj5db2zngh5b8hrgwy4k-kind-0.26.0"
        }
      }
    },
    "kubectl@latest": {
      "last_modified": "2025-01-22T06:06:04Z",
      "resolved": "github:NixOS/nixpkgs/5757bbb8bd7c0630a0cc4bb19c47e588db30b97c#kubectl",
      "source": "devbox-search",
      "version": "1.32.1",
      "systems": {
        "aarch64-darwin": {
          "outputs": [
            {
              "name": "out",
              "path": "/nix/store/18441nqn0dahiwn1rvwilqvrqwqvvknz-kubectl-1.32.1",
              "default": true
            },
            {
              "name": "man",
              "path": "/nix/store/7aqhrqy27487ph8gcqwl92lpn48zczlm-kubectl-1.32.1-man",
              "default": true
            },
            {
              "name": "convert",
              "path": "/nix/store/4ahm5rn4f326izlh8nh6zfcf066r0jp9-kubectl-1.32.1-convert"
            }
          ],
          "store_path": "/nix/store/18441nqn0dahiwn1rvwilqvrqwqvvknz-kubectl-1.32.1"
        },
        "aarch64-linux": {
          "outputs": [
            {
              "name": "out",
              "path": "/nix/store/jylypnz6nddbqf85glbyhpmjsbgmlayj-kubectl-1.32.1",
              "default": true
            },
            {
              "name": "man",
              "path": "/nix/store/0f95qz0ynbilx8h0z350in0d8kc9aj1m-kubectl-1.32.1-man",
              "default": true
            },
            {
              "name": "convert",
              "path": "/nix/store/y9kx67c1h6sjr3l4vp7j200v640h32kr-kubectl-1.32.1-convert"
            }
          ],
          "store_path": "/nix/store/jylypnz6nddbqf85glbyhpmjsbgmlayj-kubectl-1.32.1"
        },
        "x86_64-darwin": {
          "outputs": [
            {
              "name": "out",
              "path": "/nix/store/c4ha370mr37kzmr5d3k3x2f7ln51r9fz-kubectl-1.32.1",
              "default": true
            },
            {
              "name": "man",
              "path": "/nix/store/5p29mlkb5ywfn2znwb3pxbyr187585yy-kubectl-1.32.1-man",
              "default": true
            },
            {
              "name": "convert",
              "path": "/nix/store/83qij5g1wkrrwzjn1cwnkd342ifzw97x-kubectl-1.32.1-convert"
            }
          ],
          "store_path": "/nix/store/c4ha370mr37kzmr5d3k3x2f7ln51r9fz-kubectl-1.32.1"
        },
        "x86_64-linux": {
          "outputs": [
            {
              "name": "out",
              "path": "/nix/store/v312kkwzk8mibc9z67n53hab6mcc7cn5-kubectl-1.32.1",
              "default": true
            },
            {
              "name": "man",
              "path": "/nix/store/jb9zc5f93z67xaldz5zmmnv8d5pzc94r-kubectl-1.32.1-man",
              "default": true
            },
            {
              "name": "convert",
              "path": "/nix/store/1lkaw0m4238bichjjl5jkkpqpvxahp43-kubectl-1.32.1-convert"
            }
          ],
          "store_path": "/nix/store/v312kkwzk8mibc9z67n53hab6mcc7cn5-kubectl-1.32.1"
        }
      }
    },
    "kubernetes-helm@latest": {
      "last_modified": "2025-01-22T06:06:04Z",
      "resolved": "github:NixOS/nixpkgs/5757bbb8bd7c0630a0cc4bb19c47e588db30b97c#kubernetes-helm",
      "source": "devbox-search",
      "version": "3.17.0",
      "systems": {
        "aarch64-darwin": {
          "outputs": [
            {
              "name": "out",
              "path": "/nix/store/kqb20496bhsi6wlggidm645ncch8lzxw-kubernetes-helm-3.17.0",
              "default": true
            }
          ],
          "store_path": "/nix/store/kqb20496bhsi6wlggidm645ncch8lzxw-kubernetes-helm-3.17.0"
        },
        "aarch64-linux": {
          "outputs": [
            {
              "name": "out",
              "path": "/nix/store/d60427zv4gsskq2rsq6yfbzzwgr4xdz7-kubernetes-helm-3.17.0",
              "default": true
            }
          ],
          "store_path": "/nix/store/d60427zv4gsskq2rsq6yfbzzwgr4xdz7-kubernetes-helm-3.17.0"
        },
        "x86_64-darwin": {
          "outputs": [
            {
              "name": "out",
              "path": "/nix/store/zak1xp04pcfm0b9gaap9jxp4bq0lawxq-kubernetes-helm-3.17.0",
              "default": true
            }
          ],
          "store_path": "/nix/store/zak1xp04pcfm0b9gaap9jxp4bq0lawxq-kubernetes-helm-3.17.0"
        },
        "x86_64-linux": {
          "outputs": [
            {
              "name": "out",
              "path": "/nix/store/zidsngzm5lwyabaq9fy6m9h6sifk6pg8-kubernetes-helm-3.17.0",
              "default": true
            }
          ],
          "store_path": "/nix/store/zidsngzm5lwyabaq9fy6m9h6sifk6pg8-kubernetes-helm-3.17.0"
        }
      }
    },
    "kustomize@latest": {
      "last_modified": "2025-01-19T08:16:51Z",
      "resolved": "github:NixOS/nixpkgs/50165c4f7eb48ce82bd063e1fb8047a0f515f8ce#kustomize",
      "source": "devbox-search",
      "version": "5.6.0",
      "systems": {
        "aarch64-darwin": {
          "outputs": [
            {
              "name": "out",
              "path": "/nix/store/66khnprx7lhzsxrvckww22lzwp0k4mbs-kustomize-5.6.0",
              "default": true
            }
          ],
          "store_path": "/nix/store/66khnprx7lhzsxrvckww22lzwp0k4mbs-kustomize-5.6.0"
        },
        "aarch64-linux": {
          "outputs": [
            {
              "name": "out",
              "path": "/nix/store/g5pzmmccb79mj7cw6v2fkm5jqbjgw2mc-kustomize-5.6.0",
              "default": true
            }
          ],
          "store_path": "/nix/store/g5pzmmccb79mj7cw6v2fkm5jqbjgw2mc-kustomize-5.6.0"
        },
        "x86_64-darwin": {
          "outputs": [
            {
              "name": "out",
              "path": "/nix/store/4s3idnqbh0pfk9y0qmhfcyys61hb4kij-kustomize-5.6.0",
              "default": true
            }
          ],
          "store_path": "/nix/store/4s3idnqbh0pfk9y0qmhfcyys61hb4kij-kustomize-5.6.0"
        },
        "x86_64-linux": {
          "outputs": [
            {
              "name": "out",
              "path": "/nix/store/v7xwlz3hfwqqrqqkbdcljq309274mzpg-kustomize-5.6.0",
              "default": true
            }
          ],
          "store_path": "/nix/store/v7xwlz3hfwqqrqqkbdcljq309274mzpg-kustomize-5.6.0"
        }
      }
    },
    "teller@latest": {
      "last_modified": "2025-01-19T08:16:51Z",
      "resolved": "github:NixOS/nixpkgs/50165c4f7eb48ce82bd063e1fb8047a0f515f8ce#teller",
      "source": "devbox-search",
      "version": "2.0.7",
      "systems": {
        "aarch64-darwin": {
          "outputs": [
            {
              "name": "out",
              "path": "/nix/store/kiv39pq3b4wihhlxkz485zkhg3q7b4ci-teller-2.0.7",
              "default": true
            }
          ],
          "store_path": "/nix/store/kiv39pq3b4wihhlxkz485zkhg3q7b4ci-teller-2.0.7"
        },
        "aarch64-linux": {
          "outputs": [
            {
              "name": "out",
              "path": "/nix/store/89ad73c6azb95iriq7l1myl4icqzf82x-teller-2.0.7",
              "default": true
            }
          ],
          "store_path": "/nix/store/89ad73c6azb95iriq7l1myl4icqzf82x-teller-2.0.7"
        },
        "x86_64-darwin": {
          "outputs": [
            {
              "name": "out",
              "path": "/nix/store/jv2akmqk9pzam5l6fcm7lqkca2zp7h1l-teller-2.0.7",
              "default": true
            }
          ],
          "store_path": "/nix/store/jv2akmqk9pzam5l6fcm7lqkca2zp7h1l-teller-2.0.7"
        },
        "x86_64-linux": {
          "outputs": [
            {
              "name": "out",
              "path": "/nix/store/ynw41aykqn5ix0mnbzm7j2r5dlmaxw3l-teller-2.0.7",
              "default": true
            }
          ],
          "store_path": "/nix/store/ynw41aykqn5ix0mnbzm7j2r5dlmaxw3l-teller-2.0.7"
        }
      }
    },
    "terraform@latest": {
      "last_modified": "2025-01-22T23:44:18Z",
      "resolved": "github:NixOS/nixpkgs/1800f90db02ce58f3733498b8052d5d62bf44c2f#terraform",
      "source": "devbox-search",
      "version": "1.10.5",
      "systems": {
        "aarch64-darwin": {
          "outputs": [
            {
              "name": "out",
              "path": "/nix/store/dln5w8yzj3n4fy9a6bcxizjfypjrp3kb-terraform-1.10.5",
              "default": true
            }
          ],
          "store_path": "/nix/store/dln5w8yzj3n4fy9a6bcxizjfypjrp3kb-terraform-1.10.5"
        },
        "aarch64-linux": {
          "outputs": [
            {
              "name": "out",
              "path": "/nix/store/806w5x0saidzylvcdydg4h6s4sca2g4w-terraform-1.10.5",
              "default": true
            }
          ],
          "store_path": "/nix/store/806w5x0saidzylvcdydg4h6s4sca2g4w-terraform-1.10.5"
        },
        "x86_64-darwin": {
          "outputs": [
            {
              "name": "out",
              "path": "/nix/store/276fg9vbx4b5wal5c4mml5qfvk00xcgv-terraform-1.10.5",
              "default": true
            }
          ],
          "store_path": "/nix/store/276fg9vbx4b5wal5c4mml5qfvk00xcgv-terraform-1.10.5"
        },
        "x86_64-linux": {
          "outputs": [
            {
              "name": "out",
              "path": "/nix/store/q1lx1sv4qmb6pqm3gzaclbrc8la00kl6-terraform-1.10.5",
              "default": true
            }
          ],
          "store_path": "/nix/store/q1lx1sv4qmb6pqm3gzaclbrc8la00kl6-terraform-1.10.5"
        }
      }
    },
    "timoni@latest": {
      "last_modified": "2025-01-19T08:16:51Z",
      "resolved": "github:NixOS/nixpkgs/50165c4f7eb48ce82bd063e1fb8047a0f515f8ce#timoni",
      "source": "devbox-search",
      "version": "0.23.0",
      "systems": {
        "aarch64-darwin": {
          "outputs": [
            {
              "name": "out",
              "path": "/nix/store/g2p45nhbs1hjlclg4grqwmz7hhdcgm5s-timoni-0.23.0",
              "default": true
            }
          ],
          "store_path": "/nix/store/g2p45nhbs1hjlclg4grqwmz7hhdcgm5s-timoni-0.23.0"
        },
        "aarch64-linux": {
          "outputs": [
            {
              "name": "out",
              "path": "/nix/store/ng8f0hf33qfg49v7myhahm9w20wkr5hi-timoni-0.23.0",
              "default": true
            }
          ],
          "store_path": "/nix/store/ng8f0hf33qfg49v7myhahm9w20wkr5hi-timoni-0.23.0"
        },
        "x86_64-darwin": {
          "outputs": [
            {
              "name": "out",
              "path": "/nix/store/6c9hhrlcm7az8rak6qq6wr2m14l3s8yq-timoni-0.23.0",
              "default": true
            }
          ],
          "store_path": "/nix/store/6c9hhrlcm7az8rak6qq6wr2m14l3s8yq-timoni-0.23.0"
        },
        "x86_64-linux": {
          "outputs": [
            {
              "name": "out",
              "path": "/nix/store/ai6q9m3r2365siqiirj558jhh2p91bah-timoni-0.23.0",
              "default": true
            }
          ],
          "store_path": "/nix/store/ai6q9m3r2365siqiirj558jhh2p91bah-timoni-0.23.0"
        }
      }
    },
    "viddy@latest": {
      "last_modified": "2025-01-19T08:16:51Z",
      "resolved": "github:NixOS/nixpkgs/50165c4f7eb48ce82bd063e1fb8047a0f515f8ce#viddy",
      "source": "devbox-search",
      "version": "1.3.0",
      "systems": {
        "aarch64-darwin": {
          "outputs": [
            {
              "name": "out",
              "path": "/nix/store/msw6ny1iz88bf3apcnwpfkbsrkyyblha-viddy-1.3.0",
              "default": true
            }
          ],
          "store_path": "/nix/store/msw6ny1iz88bf3apcnwpfkbsrkyyblha-viddy-1.3.0"
        },
        "aarch64-linux": {
          "outputs": [
            {
              "name": "out",
              "path": "/nix/store/iggzx515hpnr2ph5s9i23gvf4h7ryl41-viddy-1.3.0",
              "default": true
            }
          ],
          "store_path": "/nix/store/iggzx515hpnr2ph5s9i23gvf4h7ryl41-viddy-1.3.0"
        },
        "x86_64-darwin": {
          "outputs": [
            {
              "name": "out",
              "path": "/nix/store/w8bmbxadi4kqk1wwy7h8cmsnldf3qidw-viddy-1.3.0",
              "default": true
            }
          ],
          "store_path": "/nix/store/w8bmbxadi4kqk1wwy7h8cmsnldf3qidw-viddy-1.3.0"
        },
        "x86_64-linux": {
          "outputs": [
            {
              "name": "out",
              "path": "/nix/store/k4md2n7d220kb4ghajhhk0gbib4rz2a0-viddy-1.3.0",
              "default": true
            }
          ],
          "store_path": "/nix/store/k4md2n7d220kb4ghajhhk0gbib4rz2a0-viddy-1.3.0"
        }
      }
    },
    "yq-go@latest": {
      "last_modified": "2025-01-19T08:16:51Z",
      "resolved": "github:NixOS/nixpkgs/50165c4f7eb48ce82bd063e1fb8047a0f515f8ce#yq-go",
      "source": "devbox-search",
      "version": "4.45.1",
      "systems": {
        "aarch64-darwin": {
          "outputs": [
            {
              "name": "out",
              "path": "/nix/store/2g34102lnfgsr7n2g2fm11r945lxmxgx-yq-go-4.45.1",
              "default": true
            }
          ],
          "store_path": "/nix/store/2g34102lnfgsr7n2g2fm11r945lxmxgx-yq-go-4.45.1"
        },
        "aarch64-linux": {
          "outputs": [
            {
              "name": "out",
              "path": "/nix/store/nsl4sm3zc4hl16l8zvcrnpw0kqkp21xh-yq-go-4.45.1",
              "default": true
            }
          ],
          "store_path": "/nix/store/nsl4sm3zc4hl16l8zvcrnpw0kqkp21xh-yq-go-4.45.1"
        },
        "x86_64-darwin": {
          "outputs": [
            {
              "name": "out",
              "path": "/nix/store/zzmwwabkgbqrqx1nld5fldwbp0izclqy-yq-go-4.45.1",
              "default": true
            }
          ],
          "store_path": "/nix/store/zzmwwabkgbqrqx1nld5fldwbp0izclqy-yq-go-4.45.1"
        },
        "x86_64-linux": {
          "outputs": [
            {
              "name": "out",
              "path": "/nix/store/0zcjg419anbc1g2ccry71k14wi4j8nsp-yq-go-4.45.1",
              "default": true
            }
          ],
          "store_path": "/nix/store/0zcjg419anbc1g2ccry71k14wi4j8nsp-yq-go-4.45.1"
        }
      }
    }
  }
}
