{
  "version": 4,
  "terraform_version": "1.6.5",
  "serial": 7,
  "lineage": "71a07b4c-a6f9-5e44-5b60-a4692c380975",
  "outputs": {},
  "resources": [
    {
      "mode": "data",
      "type": "digitalocean_kubernetes_cluster",
      "name": "cluster_info",
      "provider": "provider[\"registry.terraform.io/digitalocean/digitalocean\"]",
      "instances": [
        {
          "schema_version": 0,
          "attributes": {
            "auto_upgrade": false,
            "cluster_subnet": "10.244.0.0/16",
            "created_at": "2023-12-02 23:02:59 +0000 UTC",
            "endpoint": "https://0d239fdb-c807-425b-891f-9f6c6311cdc4.k8s.ondigitalocean.com",
            "ha": false,
            "id": "0d239fdb-c807-425b-891f-9f6c6311cdc4",
            "ipv4_address": "",
            "kube_config": [
              {
                "client_certificate": "",
                "client_key": "",
                "cluster_ca_certificate": "LS0tLS1CRUdJTiBDRVJUSUZJQ0FURS0tLS0tCk1JSURKekNDQWcrZ0F3SUJBZ0lDQm5Vd0RRWUpLb1pJaHZjTkFRRUxCUUF3TXpFVk1CTUdBMVVFQ2hNTVJHbG4KYVhSaGJFOWpaV0Z1TVJvd0dBWURWUVFERXhGck9ITmhZWE1nUTJ4MWMzUmxjaUJEUVRBZUZ3MHlNekV5TURJeQpNekF6TVRaYUZ3MDBNekV5TURJeU16QXpNVFphTURNeEZUQVRCZ05WQkFvVERFUnBaMmwwWVd4UFkyVmhiakVhCk1CZ0dBMVVFQXhNUmF6aHpZV0Z6SUVOc2RYTjBaWElnUTBFd2dnRWlNQTBHQ1NxR1NJYjNEUUVCQVFVQUE0SUIKRHdBd2dnRUtBb0lCQVFESlhqZDVzdkczaXFGV1kvZVpuQkozVjRlUWJHMXFBZEgyMTFUYmtMUTdiUHYvTlh3UgpNM0JjNkRzQlJSNE56bzhwSERaMHllK2t0Z09xc1k3d29BK3ZIR3BKSmlMbFFDdGRCZlRSeGFYNGR6Qm9kSFE0CkpMMUlRdGRKQ2JRcGk0TUtkbVlKS2JYOWhsQnhtM1ZFSG40ME1qc0hyblh2bDExdlkrT3BGVGU2dlA4bzNRWVUKZWIvNDBNRUE3am1ZVUFic25KU3AvdDNqUlNvNytRNWxSYzB6VjQ0OHV3ZWJIRnFtNHRLY3NCb1haRllNUGdzdAo5OU9uTThkc2hldmxaSUNBLytGMEowNG5LUmhUb0EvVWcyK0p4ek1WS2JranZDb3NGYUV4SXZWZFd3SDl0YytTCk5rd2hadFVmM3k4TmtkcjJiMEJlSGsycDFqSFk0WG5xY1ZLbEFnTUJBQUdqUlRCRE1BNEdBMVVkRHdFQi93UUUKQXdJQmhqQVNCZ05WSFJNQkFmOEVDREFHQVFIL0FnRUFNQjBHQTFVZERnUVdCQlEycy8zeHZvc3lYemFpQ1BlTgpPaytrcVdPdkVEQU5CZ2txaGtpRzl3MEJBUXNGQUFPQ0FRRUFxS3RFZWx2MnVnU3d2VmtsZmM3bllzZ280SlBDClRYMFcwQlZNNlk2dEVoOVB3em5wV3NGRTFJZUMzSFB4NUNVSWYxUFVRMURmRzEyd09pVnczbHAreWFQSHpGQWUKVDRzanZpYVpTcE9qc2xYM1liME5rL1gxWFFuK2NuQWpuNExxYWQrekNxenlPbXFzMkpRbkFjTFZIbUlyZ3VDbQpmNnlDVHJVNXRiVnZBaUNZWDgrdmV0OXIyMkdqTkhZL2tGNUZveVZwb0swTzkvY0paWW90NXllQk9seDl0dzArCmN2bDI1RGFIYUpCUEV0aElXLytlZElIWDZLZkJwMTAwcXlFL3lGU2xBS0VJZ01ROFNsWUpaRUlNS1JtdzVnMTkKUkhoODExU3RoV2RhRkpYVk1Ca2M4a2hPUTZOcTdQQjhnM0t2YTY5YlNjZjdWQW5OU05xUW1TNTRJUT09Ci0tLS0tRU5EIENFUlRJRklDQVRFLS0tLS0K",
                "expires_at": "2023-12-09T23:09:13Z",
                "host": "https://0d239fdb-c807-425b-891f-9f6c6311cdc4.k8s.ondigitalocean.com",
                "raw_config": "apiVersion: v1\nkind: Config\nclusters:\n- cluster:\n    certificate-authority-data: LS0tLS1CRUdJTiBDRVJUSUZJQ0FURS0tLS0tCk1JSURKekNDQWcrZ0F3SUJBZ0lDQm5Vd0RRWUpLb1pJaHZjTkFRRUxCUUF3TXpFVk1CTUdBMVVFQ2hNTVJHbG4KYVhSaGJFOWpaV0Z1TVJvd0dBWURWUVFERXhGck9ITmhZWE1nUTJ4MWMzUmxjaUJEUVRBZUZ3MHlNekV5TURJeQpNekF6TVRaYUZ3MDBNekV5TURJeU16QXpNVFphTURNeEZUQVRCZ05WQkFvVERFUnBaMmwwWVd4UFkyVmhiakVhCk1CZ0dBMVVFQXhNUmF6aHpZV0Z6SUVOc2RYTjBaWElnUTBFd2dnRWlNQTBHQ1NxR1NJYjNEUUVCQVFVQUE0SUIKRHdBd2dnRUtBb0lCQVFESlhqZDVzdkczaXFGV1kvZVpuQkozVjRlUWJHMXFBZEgyMTFUYmtMUTdiUHYvTlh3UgpNM0JjNkRzQlJSNE56bzhwSERaMHllK2t0Z09xc1k3d29BK3ZIR3BKSmlMbFFDdGRCZlRSeGFYNGR6Qm9kSFE0CkpMMUlRdGRKQ2JRcGk0TUtkbVlKS2JYOWhsQnhtM1ZFSG40ME1qc0hyblh2bDExdlkrT3BGVGU2dlA4bzNRWVUKZWIvNDBNRUE3am1ZVUFic25KU3AvdDNqUlNvNytRNWxSYzB6VjQ0OHV3ZWJIRnFtNHRLY3NCb1haRllNUGdzdAo5OU9uTThkc2hldmxaSUNBLytGMEowNG5LUmhUb0EvVWcyK0p4ek1WS2JranZDb3NGYUV4SXZWZFd3SDl0YytTCk5rd2hadFVmM3k4TmtkcjJiMEJlSGsycDFqSFk0WG5xY1ZLbEFnTUJBQUdqUlRCRE1BNEdBMVVkRHdFQi93UUUKQXdJQmhqQVNCZ05WSFJNQkFmOEVDREFHQVFIL0FnRUFNQjBHQTFVZERnUVdCQlEycy8zeHZvc3lYemFpQ1BlTgpPaytrcVdPdkVEQU5CZ2txaGtpRzl3MEJBUXNGQUFPQ0FRRUFxS3RFZWx2MnVnU3d2VmtsZmM3bllzZ280SlBDClRYMFcwQlZNNlk2dEVoOVB3em5wV3NGRTFJZUMzSFB4NUNVSWYxUFVRMURmRzEyd09pVnczbHAreWFQSHpGQWUKVDRzanZpYVpTcE9qc2xYM1liME5rL1gxWFFuK2NuQWpuNExxYWQrekNxenlPbXFzMkpRbkFjTFZIbUlyZ3VDbQpmNnlDVHJVNXRiVnZBaUNZWDgrdmV0OXIyMkdqTkhZL2tGNUZveVZwb0swTzkvY0paWW90NXllQk9seDl0dzArCmN2bDI1RGFIYUpCUEV0aElXLytlZElIWDZLZkJwMTAwcXlFL3lGU2xBS0VJZ01ROFNsWUpaRUlNS1JtdzVnMTkKUkhoODExU3RoV2RhRkpYVk1Ca2M4a2hPUTZOcTdQQjhnM0t2YTY5YlNjZjdWQW5OU05xUW1TNTRJUT09Ci0tLS0tRU5EIENFUlRJRklDQVRFLS0tLS0K\n    server: https://0d239fdb-c807-425b-891f-9f6c6311cdc4.k8s.ondigitalocean.com\n  name: do-sgp1-adhar-mgmt-k8s-cluster\ncontexts:\n- context:\n    cluster: do-sgp1-adhar-mgmt-k8s-cluster\n    user: do-sgp1-adhar-mgmt-k8s-cluster-admin\n  name: do-sgp1-adhar-mgmt-k8s-cluster\ncurrent-context: do-sgp1-adhar-mgmt-k8s-cluster\nusers:\n- name: do-sgp1-adhar-mgmt-k8s-cluster-admin\n  user:\n    token: dop_v1_aff5d19564dc488a601efdf96e9ef6a667b04c5986e7eda9929c92b4a16a9a90\n",
                "token": "dop_v1_aff5d19564dc488a601efdf96e9ef6a667b04c5986e7eda9929c92b4a16a9a90"
              }
            ],
            "maintenance_policy": [
              {
                "day": "any",
                "duration": "4h0m0s",
                "start_time": "21:00"
              }
            ],
            "name": "adhar-mgmt-k8s-cluster",
            "node_pool": [
              {
                "actual_node_count": 4,
                "auto_scale": true,
                "id": "77aa5747-62f7-4d5f-b721-1bfe8f857669",
                "labels": {},
                "max_nodes": 5,
                "min_nodes": 4,
                "name": "adhar-node-pool",
                "node_count": 0,
                "nodes": [
                  {
                    "created_at": "2023-12-02 23:02:59 +0000 UTC",
                    "droplet_id": "388106831",
                    "id": "a3c7ca76-15eb-49e6-98dd-62802b77ce8e",
                    "name": "adhar-node-pool-xwcp4",
                    "status": "running",
                    "updated_at": "2023-12-02 23:04:50 +0000 UTC"
                  },
                  {
                    "created_at": "2023-12-02 23:02:59 +0000 UTC",
                    "droplet_id": "388106833",
                    "id": "043b316c-80ae-4dbc-bcad-ab885e34fbf5",
                    "name": "adhar-node-pool-xwcpi",
                    "status": "running",
                    "updated_at": "2023-12-02 23:04:50 +0000 UTC"
                  },
                  {
                    "created_at": "2023-12-02 23:02:59 +0000 UTC",
                    "droplet_id": "388106830",
                    "id": "f8b34f2f-91a8-4e20-948c-0142a8071d3f",
                    "name": "adhar-node-pool-xwcpv",
                    "status": "running",
                    "updated_at": "2023-12-02 23:05:20 +0000 UTC"
                  },
                  {
                    "created_at": "2023-12-02 23:02:59 +0000 UTC",
                    "droplet_id": "388106832",
                    "id": "3172ead3-2576-4cab-ad5f-a31bc0e88e6a",
                    "name": "adhar-node-pool-xwcpd",
                    "status": "running",
                    "updated_at": "2023-12-02 23:04:50 +0000 UTC"
                  }
                ],
                "size": "s-4vcpu-8gb",
                "tags": [],
                "taint": []
              }
            ],
            "region": "sgp1",
            "service_subnet": "10.245.0.0/16",
            "status": "running",
            "surge_upgrade": true,
            "tags": [],
            "updated_at": "2023-12-02 23:09:07 +0000 UTC",
            "urn": "do:kubernetes:0d239fdb-c807-425b-891f-9f6c6311cdc4",
            "version": "1.27.6-do.0",
            "vpc_uuid": "fb73dd2d-49fd-47ab-baaf-74f1c3db8a03"
          },
          "sensitive_attributes": []
        }
      ]
    },
    {
      "mode": "data",
      "type": "digitalocean_kubernetes_versions",
      "name": "k8s_version_slug",
      "provider": "provider[\"registry.terraform.io/digitalocean/digitalocean\"]",
      "instances": [
        {
          "schema_version": 0,
          "attributes": {
            "id": "terraform-20231202230248579700000001",
            "latest_version": "1.27.6-do.0",
            "valid_versions": [
              "1.27.6-do.0"
            ],
            "version_prefix": "1.27."
          },
          "sensitive_attributes": []
        }
      ]
    },
    {
      "mode": "managed",
      "type": "digitalocean_kubernetes_cluster",
      "name": "adhar_mgmt_k8s_cluster",
      "provider": "provider[\"registry.terraform.io/digitalocean/digitalocean\"]",
      "instances": [
        {
          "schema_version": 3,
          "attributes": {
            "auto_upgrade": false,
            "cluster_subnet": "10.244.0.0/16",
            "created_at": "2023-12-02 23:02:59 +0000 UTC",
            "destroy_all_associated_resources": false,
            "endpoint": "https://0d239fdb-c807-425b-891f-9f6c6311cdc4.k8s.ondigitalocean.com",
            "ha": false,
            "id": "0d239fdb-c807-425b-891f-9f6c6311cdc4",
            "ipv4_address": "",
            "kube_config": [
              {
                "client_certificate": "",
                "client_key": "",
                "cluster_ca_certificate": "LS0tLS1CRUdJTiBDRVJUSUZJQ0FURS0tLS0tCk1JSURKekNDQWcrZ0F3SUJBZ0lDQm5Vd0RRWUpLb1pJaHZjTkFRRUxCUUF3TXpFVk1CTUdBMVVFQ2hNTVJHbG4KYVhSaGJFOWpaV0Z1TVJvd0dBWURWUVFERXhGck9ITmhZWE1nUTJ4MWMzUmxjaUJEUVRBZUZ3MHlNekV5TURJeQpNekF6TVRaYUZ3MDBNekV5TURJeU16QXpNVFphTURNeEZUQVRCZ05WQkFvVERFUnBaMmwwWVd4UFkyVmhiakVhCk1CZ0dBMVVFQXhNUmF6aHpZV0Z6SUVOc2RYTjBaWElnUTBFd2dnRWlNQTBHQ1NxR1NJYjNEUUVCQVFVQUE0SUIKRHdBd2dnRUtBb0lCQVFESlhqZDVzdkczaXFGV1kvZVpuQkozVjRlUWJHMXFBZEgyMTFUYmtMUTdiUHYvTlh3UgpNM0JjNkRzQlJSNE56bzhwSERaMHllK2t0Z09xc1k3d29BK3ZIR3BKSmlMbFFDdGRCZlRSeGFYNGR6Qm9kSFE0CkpMMUlRdGRKQ2JRcGk0TUtkbVlKS2JYOWhsQnhtM1ZFSG40ME1qc0hyblh2bDExdlkrT3BGVGU2dlA4bzNRWVUKZWIvNDBNRUE3am1ZVUFic25KU3AvdDNqUlNvNytRNWxSYzB6VjQ0OHV3ZWJIRnFtNHRLY3NCb1haRllNUGdzdAo5OU9uTThkc2hldmxaSUNBLytGMEowNG5LUmhUb0EvVWcyK0p4ek1WS2JranZDb3NGYUV4SXZWZFd3SDl0YytTCk5rd2hadFVmM3k4TmtkcjJiMEJlSGsycDFqSFk0WG5xY1ZLbEFnTUJBQUdqUlRCRE1BNEdBMVVkRHdFQi93UUUKQXdJQmhqQVNCZ05WSFJNQkFmOEVDREFHQVFIL0FnRUFNQjBHQTFVZERnUVdCQlEycy8zeHZvc3lYemFpQ1BlTgpPaytrcVdPdkVEQU5CZ2txaGtpRzl3MEJBUXNGQUFPQ0FRRUFxS3RFZWx2MnVnU3d2VmtsZmM3bllzZ280SlBDClRYMFcwQlZNNlk2dEVoOVB3em5wV3NGRTFJZUMzSFB4NUNVSWYxUFVRMURmRzEyd09pVnczbHAreWFQSHpGQWUKVDRzanZpYVpTcE9qc2xYM1liME5rL1gxWFFuK2NuQWpuNExxYWQrekNxenlPbXFzMkpRbkFjTFZIbUlyZ3VDbQpmNnlDVHJVNXRiVnZBaUNZWDgrdmV0OXIyMkdqTkhZL2tGNUZveVZwb0swTzkvY0paWW90NXllQk9seDl0dzArCmN2bDI1RGFIYUpCUEV0aElXLytlZElIWDZLZkJwMTAwcXlFL3lGU2xBS0VJZ01ROFNsWUpaRUlNS1JtdzVnMTkKUkhoODExU3RoV2RhRkpYVk1Ca2M4a2hPUTZOcTdQQjhnM0t2YTY5YlNjZjdWQW5OU05xUW1TNTRJUT09Ci0tLS0tRU5EIENFUlRJRklDQVRFLS0tLS0K",
                "expires_at": "2023-12-09T23:09:10Z",
                "host": "https://0d239fdb-c807-425b-891f-9f6c6311cdc4.k8s.ondigitalocean.com",
                "raw_config": "apiVersion: v1\nkind: Config\nclusters:\n- cluster:\n    certificate-authority-data: LS0tLS1CRUdJTiBDRVJUSUZJQ0FURS0tLS0tCk1JSURKekNDQWcrZ0F3SUJBZ0lDQm5Vd0RRWUpLb1pJaHZjTkFRRUxCUUF3TXpFVk1CTUdBMVVFQ2hNTVJHbG4KYVhSaGJFOWpaV0Z1TVJvd0dBWURWUVFERXhGck9ITmhZWE1nUTJ4MWMzUmxjaUJEUVRBZUZ3MHlNekV5TURJeQpNekF6TVRaYUZ3MDBNekV5TURJeU16QXpNVFphTURNeEZUQVRCZ05WQkFvVERFUnBaMmwwWVd4UFkyVmhiakVhCk1CZ0dBMVVFQXhNUmF6aHpZV0Z6SUVOc2RYTjBaWElnUTBFd2dnRWlNQTBHQ1NxR1NJYjNEUUVCQVFVQUE0SUIKRHdBd2dnRUtBb0lCQVFESlhqZDVzdkczaXFGV1kvZVpuQkozVjRlUWJHMXFBZEgyMTFUYmtMUTdiUHYvTlh3UgpNM0JjNkRzQlJSNE56bzhwSERaMHllK2t0Z09xc1k3d29BK3ZIR3BKSmlMbFFDdGRCZlRSeGFYNGR6Qm9kSFE0CkpMMUlRdGRKQ2JRcGk0TUtkbVlKS2JYOWhsQnhtM1ZFSG40ME1qc0hyblh2bDExdlkrT3BGVGU2dlA4bzNRWVUKZWIvNDBNRUE3am1ZVUFic25KU3AvdDNqUlNvNytRNWxSYzB6VjQ0OHV3ZWJIRnFtNHRLY3NCb1haRllNUGdzdAo5OU9uTThkc2hldmxaSUNBLytGMEowNG5LUmhUb0EvVWcyK0p4ek1WS2JranZDb3NGYUV4SXZWZFd3SDl0YytTCk5rd2hadFVmM3k4TmtkcjJiMEJlSGsycDFqSFk0WG5xY1ZLbEFnTUJBQUdqUlRCRE1BNEdBMVVkRHdFQi93UUUKQXdJQmhqQVNCZ05WSFJNQkFmOEVDREFHQVFIL0FnRUFNQjBHQTFVZERnUVdCQlEycy8zeHZvc3lYemFpQ1BlTgpPaytrcVdPdkVEQU5CZ2txaGtpRzl3MEJBUXNGQUFPQ0FRRUFxS3RFZWx2MnVnU3d2VmtsZmM3bllzZ280SlBDClRYMFcwQlZNNlk2dEVoOVB3em5wV3NGRTFJZUMzSFB4NUNVSWYxUFVRMURmRzEyd09pVnczbHAreWFQSHpGQWUKVDRzanZpYVpTcE9qc2xYM1liME5rL1gxWFFuK2NuQWpuNExxYWQrekNxenlPbXFzMkpRbkFjTFZIbUlyZ3VDbQpmNnlDVHJVNXRiVnZBaUNZWDgrdmV0OXIyMkdqTkhZL2tGNUZveVZwb0swTzkvY0paWW90NXllQk9seDl0dzArCmN2bDI1RGFIYUpCUEV0aElXLytlZElIWDZLZkJwMTAwcXlFL3lGU2xBS0VJZ01ROFNsWUpaRUlNS1JtdzVnMTkKUkhoODExU3RoV2RhRkpYVk1Ca2M4a2hPUTZOcTdQQjhnM0t2YTY5YlNjZjdWQW5OU05xUW1TNTRJUT09Ci0tLS0tRU5EIENFUlRJRklDQVRFLS0tLS0K\n    server: https://0d239fdb-c807-425b-891f-9f6c6311cdc4.k8s.ondigitalocean.com\n  name: do-sgp1-adhar-mgmt-k8s-cluster\ncontexts:\n- context:\n    cluster: do-sgp1-adhar-mgmt-k8s-cluster\n    user: do-sgp1-adhar-mgmt-k8s-cluster-admin\n  name: do-sgp1-adhar-mgmt-k8s-cluster\ncurrent-context: do-sgp1-adhar-mgmt-k8s-cluster\nusers:\n- name: do-sgp1-adhar-mgmt-k8s-cluster-admin\n  user:\n    token: dop_v1_31255d454c737db17d104de8b22b17eff16f54e070bc50ee6f2351e0108502c0\n",
                "token": "dop_v1_31255d454c737db17d104de8b22b17eff16f54e070bc50ee6f2351e0108502c0"
              }
            ],
            "maintenance_policy": [
              {
                "day": "any",
                "duration": "4h0m0s",
                "start_time": "21:00"
              }
            ],
            "name": "adhar-mgmt-k8s-cluster",
            "node_pool": [
              {
                "actual_node_count": 4,
                "auto_scale": true,
                "id": "77aa5747-62f7-4d5f-b721-1bfe8f857669",
                "labels": null,
                "max_nodes": 5,
                "min_nodes": 4,
                "name": "adhar-node-pool",
                "node_count": 4,
                "nodes": [
                  {
                    "created_at": "2023-12-02 23:02:59 +0000 UTC",
                    "droplet_id": "388106831",
                    "id": "a3c7ca76-15eb-49e6-98dd-62802b77ce8e",
                    "name": "adhar-node-pool-xwcp4",
                    "status": "running",
                    "updated_at": "2023-12-02 23:04:50 +0000 UTC"
                  },
                  {
                    "created_at": "2023-12-02 23:02:59 +0000 UTC",
                    "droplet_id": "388106833",
                    "id": "043b316c-80ae-4dbc-bcad-ab885e34fbf5",
                    "name": "adhar-node-pool-xwcpi",
                    "status": "running",
                    "updated_at": "2023-12-02 23:04:50 +0000 UTC"
                  },
                  {
                    "created_at": "2023-12-02 23:02:59 +0000 UTC",
                    "droplet_id": "388106830",
                    "id": "f8b34f2f-91a8-4e20-948c-0142a8071d3f",
                    "name": "adhar-node-pool-xwcpv",
                    "status": "running",
                    "updated_at": "2023-12-02 23:05:20 +0000 UTC"
                  },
                  {
                    "created_at": "2023-12-02 23:02:59 +0000 UTC",
                    "droplet_id": "388106832",
                    "id": "3172ead3-2576-4cab-ad5f-a31bc0e88e6a",
                    "name": "adhar-node-pool-xwcpd",
                    "status": "running",
                    "updated_at": "2023-12-02 23:04:50 +0000 UTC"
                  }
                ],
                "size": "s-4vcpu-8gb",
                "tags": null,
                "taint": []
              }
            ],
            "region": "sgp1",
            "registry_integration": false,
            "service_subnet": "10.245.0.0/16",
            "status": "running",
            "surge_upgrade": true,
            "tags": null,
            "timeouts": null,
            "updated_at": "2023-12-02 23:09:07 +0000 UTC",
            "urn": "do:kubernetes:0d239fdb-c807-425b-891f-9f6c6311cdc4",
            "version": "1.27.6-do.0",
            "vpc_uuid": "fb73dd2d-49fd-47ab-baaf-74f1c3db8a03"
          },
          "sensitive_attributes": [],
          "private": "eyJlMmJmYjczMC1lY2FhLTExZTYtOGY4OC0zNDM2M2JjN2M0YzAiOnsiY3JlYXRlIjoxODAwMDAwMDAwMDAwfSwic2NoZW1hX3ZlcnNpb24iOiIzIn0=",
          "dependencies": [
            "data.digitalocean_kubernetes_versions.k8s_version_slug"
          ]
        }
      ]
    },
    {
      "mode": "managed",
      "type": "digitalocean_project",
      "name": "project_folder",
      "provider": "provider[\"registry.terraform.io/digitalocean/digitalocean\"]",
      "instances": [
        {
          "schema_version": 0,
          "attributes": {
            "created_at": "2023-12-02T23:02:57Z",
            "description": "Adhar - Open Platform for Modern Businesses",
            "environment": "Development",
            "id": "a9f3c530-d1c9-4988-904f-72490b386225",
            "is_default": false,
            "name": "Adhar",
            "owner_id": 14385938,
            "owner_uuid": "27b27a91-8a11-4e24-840b-79e00f73eb21",
            "purpose": "Web Application",
            "resources": [],
            "timeouts": null,
            "updated_at": "2023-12-02T23:02:57Z"
          },
          "sensitive_attributes": [],
          "private": "eyJlMmJmYjczMC1lY2FhLTExZTYtOGY4OC0zNDM2M2JjN2M0YzAiOnsiZGVsZXRlIjoxODAwMDAwMDAwMDB9fQ=="
        }
      ]
    },
    {
      "mode": "managed",
      "type": "digitalocean_project_resources",
      "name": "project",
      "provider": "provider[\"registry.terraform.io/digitalocean/digitalocean\"]",
      "instances": [
        {
          "schema_version": 0,
          "attributes": {
            "id": "a9f3c530-d1c9-4988-904f-72490b386225",
            "project": "a9f3c530-d1c9-4988-904f-72490b386225",
            "resources": [
              "do:kubernetes:0d239fdb-c807-425b-891f-9f6c6311cdc4"
            ]
          },
          "sensitive_attributes": [],
          "private": "bnVsbA==",
          "dependencies": [
            "data.digitalocean_kubernetes_versions.k8s_version_slug",
            "digitalocean_kubernetes_cluster.adhar_mgmt_k8s_cluster",
            "digitalocean_project.project_folder"
          ]
        }
      ]
    },
    {
      "mode": "managed",
      "type": "helm_release",
      "name": "otomi",
      "provider": "provider[\"registry.terraform.io/hashicorp/helm\"]",
      "instances": [
        {
          "schema_version": 1,
          "attributes": {
            "atomic": false,
            "chart": "otomi",
            "cleanup_on_fail": false,
            "create_namespace": false,
            "dependency_update": false,
            "description": null,
            "devel": null,
            "disable_crd_hooks": false,
            "disable_openapi_validation": false,
            "disable_webhooks": false,
            "force_update": false,
            "id": "otomi",
            "keyring": null,
            "lint": false,
            "manifest": null,
            "max_history": 0,
            "metadata": [
              {
                "app_version": "v2.0.5",
                "chart": "otomi",
                "name": "otomi",
                "namespace": "default",
                "revision": 1,
                "values": "{\"cluster\":{\"name\":\"adhar-cloud\",\"provider\":\"digitalocean\"},\"otomi\":{\"version\":\"v2.0.5\"}}",
                "version": "2.0.5"
              }
            ],
            "name": "otomi",
            "namespace": "default",
            "pass_credentials": false,
            "postrender": [],
            "recreate_pods": false,
            "render_subchart_notes": true,
            "replace": false,
            "repository": "https://otomi.io/otomi-core",
            "repository_ca_file": null,
            "repository_cert_file": null,
            "repository_key_file": null,
            "repository_password": null,
            "repository_username": null,
            "reset_values": false,
            "reuse_values": false,
            "set": [],
            "set_list": [],
            "set_sensitive": [],
            "skip_crds": false,
            "status": "deployed",
            "timeout": 1800,
            "values": [
              "cluster:\n  name: \"adhar-cloud\" # the name of your cluster\n  provider: \"digitalocean\" # choose between aws, azure, google, digitalocean, civo or custom\n\notomi:\n  version: \"v2.0.5\"\n"
            ],
            "verify": false,
            "version": "2.0.5",
            "wait": true,
            "wait_for_jobs": true
          },
          "sensitive_attributes": [],
          "private": "eyJzY2hlbWFfdmVyc2lvbiI6IjEifQ==",
          "dependencies": [
            "data.digitalocean_kubernetes_versions.k8s_version_slug",
            "digitalocean_kubernetes_cluster.adhar_mgmt_k8s_cluster"
          ]
        }
      ]
    },
    {
      "mode": "managed",
      "type": "null_resource",
      "name": "print_otomi_url",
      "provider": "provider[\"registry.terraform.io/hashicorp/null\"]",
      "instances": [
        {
          "schema_version": 0,
          "attributes": {
            "id": "9015233791700379869",
            "triggers": null
          },
          "sensitive_attributes": [],
          "dependencies": [
            "data.digitalocean_kubernetes_versions.k8s_version_slug",
            "digitalocean_kubernetes_cluster.adhar_mgmt_k8s_cluster",
            "helm_release.otomi"
          ]
        }
      ]
    }
  ],
  "check_results": null
}
