{
  "version": 4,
  "terraform_version": "1.6.5",
  "serial": 6,
  "lineage": "62e6bd1b-d43d-3f42-36fb-2cd32427041f",
  "outputs": {},
  "resources": [
    {
      "mode": "data",
      "type": "digitalocean_kubernetes_cluster",
      "name": "cluster_info",
      "provider": "provider[\"registry.terraform.io/digitalocean/digitalocean\"]",
      "instances": [
        {
          "schema_version": 0,
          "attributes": {
            "auto_upgrade": false,
            "cluster_subnet": "10.244.0.0/16",
            "created_at": "2024-01-01 10:10:05 +0000 UTC",
            "endpoint": "https://a456f12c-2822-41c1-aeae-cd1b2835fbfa.k8s.ondigitalocean.com",
            "ha": false,
            "id": "a456f12c-2822-41c1-aeae-cd1b2835fbfa",
            "ipv4_address": "",
            "kube_config": [
              {
                "client_certificate": "",
                "client_key": "",
                "cluster_ca_certificate": "LS0tLS1CRUdJTiBDRVJUSUZJQ0FURS0tLS0tCk1JSURKekNDQWcrZ0F3SUJBZ0lDQm5Vd0RRWUpLb1pJaHZjTkFRRUxCUUF3TXpFVk1CTUdBMVVFQ2hNTVJHbG4KYVhSaGJFOWpaV0Z1TVJvd0dBWURWUVFERXhGck9ITmhZWE1nUTJ4MWMzUmxjaUJEUVRBZUZ3MHlOREF4TURFeApNREV3TURsYUZ3MDBOREF4TURFeE1ERXdNRGxhTURNeEZUQVRCZ05WQkFvVERFUnBaMmwwWVd4UFkyVmhiakVhCk1CZ0dBMVVFQXhNUmF6aHpZV0Z6SUVOc2RYTjBaWElnUTBFd2dnRWlNQTBHQ1NxR1NJYjNEUUVCQVFVQUE0SUIKRHdBd2dnRUtBb0lCQVFETlpNN3RPczV5VDdzTXk1V24wbkhTRW1JTTVJR054SUNkaEFIblBiL1NlOUt6bzd4VAphWURWcGFLOFZldEdDTEhCWUhDZWRFSWhWVEdDaUNxN1hpSXNHSnZJMWVja1ZITWVhMk9URlQ4VUo3clE4ZlZlCjBTanZRUmZYL3BGbTN3ZTRDaE43M2JiYzdUWXUvNjhZcnEyaStEdVZFUnRLTlRtVFlYWHJRSlY5UWpFamZFT0oKQWFhRVVMZzhMVXc5cEtjbXNqcG9OZ0lTcXhsVjNUZmFXTkcxbVV4ak82NURDKzJQb2R2WkVjUDlaMGc5Rjk4SAorZUlleDN2VE9UQnhBeE1PWnNqeVJud3JQcXJnL0U1UXNZVEJQSURNTy9XaTkwaFpMbzRMZTd1WGdSU3U2VjBrCmFwTTBkdlBBTm9yMm5SR2kzMlZPZzlrbkdDN2tMOWd6M1pTWEFnTUJBQUdqUlRCRE1BNEdBMVVkRHdFQi93UUUKQXdJQmhqQVNCZ05WSFJNQkFmOEVDREFHQVFIL0FnRUFNQjBHQTFVZERnUVdCQlNMZDF5TUpZUTNQOVN0ZHBuKwpOZGNIODVhMGp6QU5CZ2txaGtpRzl3MEJBUXNGQUFPQ0FRRUFjQTdldDhJNk5BNVVwcys0K0VLOUpPS1hxVE5wCjAybEo4SzRFY0ZHWkowT3FxZlVrbHN1QXVudWxrUWV6Zkdtb2JpM3BQTExiTlFJK0YyL2paNTduZ1pzOEE2RUYKRzcvUnJ4SVlEUFpSbm5kS1ltUk9kYlFaby8xR0cwODVhVmRENHppYXlKSFFhL0NrNGF5MkNncFZvaXRkc0ZCWQpZY3dXbktmTmpZTmpUdi8yU0M4ZU5nUWIyZnVFM25USE8zUGpCU2ZBVTNZRUc3aWN4MUphR2tZWk5YM01VazB6CnVKMmF1TzFvNTkra1FWSTVxc0d0aU9NL3JQM1p3VDdyVzRDb21RTXRBa0xKc2dhblVYWUNPZE0vUTR0d2lneUEKamQ2QXlFdmtFRUQraEtwWmovRy84bWFwNzIvemJSQUE2WHhkRHZGelE3MjVqWkdJK0gxM2xpZVhGQT09Ci0tLS0tRU5EIENFUlRJRklDQVRFLS0tLS0K",
                "expires_at": "2024-01-08T10:14:52Z",
                "host": "https://a456f12c-2822-41c1-aeae-cd1b2835fbfa.k8s.ondigitalocean.com",
                "raw_config": "apiVersion: v1\nkind: Config\nclusters:\n- cluster:\n    certificate-authority-data: LS0tLS1CRUdJTiBDRVJUSUZJQ0FURS0tLS0tCk1JSURKekNDQWcrZ0F3SUJBZ0lDQm5Vd0RRWUpLb1pJaHZjTkFRRUxCUUF3TXpFVk1CTUdBMVVFQ2hNTVJHbG4KYVhSaGJFOWpaV0Z1TVJvd0dBWURWUVFERXhGck9ITmhZWE1nUTJ4MWMzUmxjaUJEUVRBZUZ3MHlOREF4TURFeApNREV3TURsYUZ3MDBOREF4TURFeE1ERXdNRGxhTURNeEZUQVRCZ05WQkFvVERFUnBaMmwwWVd4UFkyVmhiakVhCk1CZ0dBMVVFQXhNUmF6aHpZV0Z6SUVOc2RYTjBaWElnUTBFd2dnRWlNQTBHQ1NxR1NJYjNEUUVCQVFVQUE0SUIKRHdBd2dnRUtBb0lCQVFETlpNN3RPczV5VDdzTXk1V24wbkhTRW1JTTVJR054SUNkaEFIblBiL1NlOUt6bzd4VAphWURWcGFLOFZldEdDTEhCWUhDZWRFSWhWVEdDaUNxN1hpSXNHSnZJMWVja1ZITWVhMk9URlQ4VUo3clE4ZlZlCjBTanZRUmZYL3BGbTN3ZTRDaE43M2JiYzdUWXUvNjhZcnEyaStEdVZFUnRLTlRtVFlYWHJRSlY5UWpFamZFT0oKQWFhRVVMZzhMVXc5cEtjbXNqcG9OZ0lTcXhsVjNUZmFXTkcxbVV4ak82NURDKzJQb2R2WkVjUDlaMGc5Rjk4SAorZUlleDN2VE9UQnhBeE1PWnNqeVJud3JQcXJnL0U1UXNZVEJQSURNTy9XaTkwaFpMbzRMZTd1WGdSU3U2VjBrCmFwTTBkdlBBTm9yMm5SR2kzMlZPZzlrbkdDN2tMOWd6M1pTWEFnTUJBQUdqUlRCRE1BNEdBMVVkRHdFQi93UUUKQXdJQmhqQVNCZ05WSFJNQkFmOEVDREFHQVFIL0FnRUFNQjBHQTFVZERnUVdCQlNMZDF5TUpZUTNQOVN0ZHBuKwpOZGNIODVhMGp6QU5CZ2txaGtpRzl3MEJBUXNGQUFPQ0FRRUFjQTdldDhJNk5BNVVwcys0K0VLOUpPS1hxVE5wCjAybEo4SzRFY0ZHWkowT3FxZlVrbHN1QXVudWxrUWV6Zkdtb2JpM3BQTExiTlFJK0YyL2paNTduZ1pzOEE2RUYKRzcvUnJ4SVlEUFpSbm5kS1ltUk9kYlFaby8xR0cwODVhVmRENHppYXlKSFFhL0NrNGF5MkNncFZvaXRkc0ZCWQpZY3dXbktmTmpZTmpUdi8yU0M4ZU5nUWIyZnVFM25USE8zUGpCU2ZBVTNZRUc3aWN4MUphR2tZWk5YM01VazB6CnVKMmF1TzFvNTkra1FWSTVxc0d0aU9NL3JQM1p3VDdyVzRDb21RTXRBa0xKc2dhblVYWUNPZE0vUTR0d2lneUEKamQ2QXlFdmtFRUQraEtwWmovRy84bWFwNzIvemJSQUE2WHhkRHZGelE3MjVqWkdJK0gxM2xpZVhGQT09Ci0tLS0tRU5EIENFUlRJRklDQVRFLS0tLS0K\n    server: https://a456f12c-2822-41c1-aeae-cd1b2835fbfa.k8s.ondigitalocean.com\n  name: do-sgp1-adhar-mgmt-k8s-cluster\ncontexts:\n- context:\n    cluster: do-sgp1-adhar-mgmt-k8s-cluster\n    user: do-sgp1-adhar-mgmt-k8s-cluster-admin\n  name: do-sgp1-adhar-mgmt-k8s-cluster\ncurrent-context: do-sgp1-adhar-mgmt-k8s-cluster\nusers:\n- name: do-sgp1-adhar-mgmt-k8s-cluster-admin\n  user:\n    token: dop_v1_de418732012a7469056963bfba2754f1d364fd8e3170140dc8788245c17d3716\n",
                "token": "dop_v1_de418732012a7469056963bfba2754f1d364fd8e3170140dc8788245c17d3716"
              }
            ],
            "maintenance_policy": [
              {
                "day": "any",
                "duration": "4h0m0s",
                "start_time": "21:00"
              }
            ],
            "name": "adhar-mgmt-k8s-cluster",
            "node_pool": [
              {
                "actual_node_count": 4,
                "auto_scale": true,
                "id": "d6bb0779-0152-420c-a7be-813c6e2a3419",
                "labels": {},
                "max_nodes": 5,
                "min_nodes": 4,
                "name": "adhar-node-pool",
                "node_count": 0,
                "nodes": [
                  {
                    "created_at": "2024-01-01 10:10:05 +0000 UTC",
                    "droplet_id": "393333048",
                    "id": "fc36ed41-9fd1-4a66-b1c0-3ad8530fafd0",
                    "name": "adhar-node-pool-xir80",
                    "status": "running",
                    "updated_at": "2024-01-01 10:11:46 +0000 UTC"
                  },
                  {
                    "created_at": "2024-01-01 10:10:05 +0000 UTC",
                    "droplet_id": "393333045",
                    "id": "6b6e4cea-0643-4d92-8e05-b2d235a2b2f5",
                    "name": "adhar-node-pool-xir81",
                    "status": "running",
                    "updated_at": "2024-01-01 10:11:46 +0000 UTC"
                  },
                  {
                    "created_at": "2024-01-01 10:10:05 +0000 UTC",
                    "droplet_id": "393333046",
                    "id": "419efb51-2428-48d4-a1cd-b441c78c437a",
                    "name": "adhar-node-pool-xir8z",
                    "status": "running",
                    "updated_at": "2024-01-01 10:11:46 +0000 UTC"
                  },
                  {
                    "created_at": "2024-01-01 10:10:05 +0000 UTC",
                    "droplet_id": "393333047",
                    "id": "9116d956-02c4-43ab-8b63-99130aec9afc",
                    "name": "adhar-node-pool-xir89",
                    "status": "running",
                    "updated_at": "2024-01-01 10:11:46 +0000 UTC"
                  }
                ],
                "size": "s-4vcpu-8gb",
                "tags": [],
                "taint": []
              }
            ],
            "region": "sgp1",
            "service_subnet": "10.245.0.0/16",
            "status": "running",
            "surge_upgrade": true,
            "tags": [],
            "updated_at": "2024-01-01 10:14:40 +0000 UTC",
            "urn": "do:kubernetes:a456f12c-2822-41c1-aeae-cd1b2835fbfa",
            "version": "1.27.6-do.0",
            "vpc_uuid": "fb73dd2d-49fd-47ab-baaf-74f1c3db8a03"
          },
          "sensitive_attributes": []
        }
      ]
    },
    {
      "mode": "data",
      "type": "digitalocean_kubernetes_versions",
      "name": "k8s_version_slug",
      "provider": "provider[\"registry.terraform.io/digitalocean/digitalocean\"]",
      "instances": [
        {
          "schema_version": 0,
          "attributes": {
            "id": "terraform-20240101100957919800000001",
            "latest_version": "1.27.6-do.0",
            "valid_versions": [
              "1.27.6-do.0"
            ],
            "version_prefix": "1.27."
          },
          "sensitive_attributes": []
        }
      ]
    },
    {
      "mode": "managed",
      "type": "digitalocean_kubernetes_cluster",
      "name": "adhar_mgmt_k8s_cluster",
      "provider": "provider[\"registry.terraform.io/digitalocean/digitalocean\"]",
      "instances": [
        {
          "schema_version": 3,
          "attributes": {
            "auto_upgrade": false,
            "cluster_subnet": "10.244.0.0/16",
            "created_at": "2024-01-01 10:10:05 +0000 UTC",
            "destroy_all_associated_resources": false,
            "endpoint": "https://a456f12c-2822-41c1-aeae-cd1b2835fbfa.k8s.ondigitalocean.com",
            "ha": false,
            "id": "a456f12c-2822-41c1-aeae-cd1b2835fbfa",
            "ipv4_address": "",
            "kube_config": [
              {
                "client_certificate": "",
                "client_key": "",
                "cluster_ca_certificate": "LS0tLS1CRUdJTiBDRVJUSUZJQ0FURS0tLS0tCk1JSURKekNDQWcrZ0F3SUJBZ0lDQm5Vd0RRWUpLb1pJaHZjTkFRRUxCUUF3TXpFVk1CTUdBMVVFQ2hNTVJHbG4KYVhSaGJFOWpaV0Z1TVJvd0dBWURWUVFERXhGck9ITmhZWE1nUTJ4MWMzUmxjaUJEUVRBZUZ3MHlOREF4TURFeApNREV3TURsYUZ3MDBOREF4TURFeE1ERXdNRGxhTURNeEZUQVRCZ05WQkFvVERFUnBaMmwwWVd4UFkyVmhiakVhCk1CZ0dBMVVFQXhNUmF6aHpZV0Z6SUVOc2RYTjBaWElnUTBFd2dnRWlNQTBHQ1NxR1NJYjNEUUVCQVFVQUE0SUIKRHdBd2dnRUtBb0lCQVFETlpNN3RPczV5VDdzTXk1V24wbkhTRW1JTTVJR054SUNkaEFIblBiL1NlOUt6bzd4VAphWURWcGFLOFZldEdDTEhCWUhDZWRFSWhWVEdDaUNxN1hpSXNHSnZJMWVja1ZITWVhMk9URlQ4VUo3clE4ZlZlCjBTanZRUmZYL3BGbTN3ZTRDaE43M2JiYzdUWXUvNjhZcnEyaStEdVZFUnRLTlRtVFlYWHJRSlY5UWpFamZFT0oKQWFhRVVMZzhMVXc5cEtjbXNqcG9OZ0lTcXhsVjNUZmFXTkcxbVV4ak82NURDKzJQb2R2WkVjUDlaMGc5Rjk4SAorZUlleDN2VE9UQnhBeE1PWnNqeVJud3JQcXJnL0U1UXNZVEJQSURNTy9XaTkwaFpMbzRMZTd1WGdSU3U2VjBrCmFwTTBkdlBBTm9yMm5SR2kzMlZPZzlrbkdDN2tMOWd6M1pTWEFnTUJBQUdqUlRCRE1BNEdBMVVkRHdFQi93UUUKQXdJQmhqQVNCZ05WSFJNQkFmOEVDREFHQVFIL0FnRUFNQjBHQTFVZERnUVdCQlNMZDF5TUpZUTNQOVN0ZHBuKwpOZGNIODVhMGp6QU5CZ2txaGtpRzl3MEJBUXNGQUFPQ0FRRUFjQTdldDhJNk5BNVVwcys0K0VLOUpPS1hxVE5wCjAybEo4SzRFY0ZHWkowT3FxZlVrbHN1QXVudWxrUWV6Zkdtb2JpM3BQTExiTlFJK0YyL2paNTduZ1pzOEE2RUYKRzcvUnJ4SVlEUFpSbm5kS1ltUk9kYlFaby8xR0cwODVhVmRENHppYXlKSFFhL0NrNGF5MkNncFZvaXRkc0ZCWQpZY3dXbktmTmpZTmpUdi8yU0M4ZU5nUWIyZnVFM25USE8zUGpCU2ZBVTNZRUc3aWN4MUphR2tZWk5YM01VazB6CnVKMmF1TzFvNTkra1FWSTVxc0d0aU9NL3JQM1p3VDdyVzRDb21RTXRBa0xKc2dhblVYWUNPZE0vUTR0d2lneUEKamQ2QXlFdmtFRUQraEtwWmovRy84bWFwNzIvemJSQUE2WHhkRHZGelE3MjVqWkdJK0gxM2xpZVhGQT09Ci0tLS0tRU5EIENFUlRJRklDQVRFLS0tLS0K",
                "expires_at": "2024-01-08T10:14:48Z",
                "host": "https://a456f12c-2822-41c1-aeae-cd1b2835fbfa.k8s.ondigitalocean.com",
                "raw_config": "apiVersion: v1\nkind: Config\nclusters:\n- cluster:\n    certificate-authority-data: LS0tLS1CRUdJTiBDRVJUSUZJQ0FURS0tLS0tCk1JSURKekNDQWcrZ0F3SUJBZ0lDQm5Vd0RRWUpLb1pJaHZjTkFRRUxCUUF3TXpFVk1CTUdBMVVFQ2hNTVJHbG4KYVhSaGJFOWpaV0Z1TVJvd0dBWURWUVFERXhGck9ITmhZWE1nUTJ4MWMzUmxjaUJEUVRBZUZ3MHlOREF4TURFeApNREV3TURsYUZ3MDBOREF4TURFeE1ERXdNRGxhTURNeEZUQVRCZ05WQkFvVERFUnBaMmwwWVd4UFkyVmhiakVhCk1CZ0dBMVVFQXhNUmF6aHpZV0Z6SUVOc2RYTjBaWElnUTBFd2dnRWlNQTBHQ1NxR1NJYjNEUUVCQVFVQUE0SUIKRHdBd2dnRUtBb0lCQVFETlpNN3RPczV5VDdzTXk1V24wbkhTRW1JTTVJR054SUNkaEFIblBiL1NlOUt6bzd4VAphWURWcGFLOFZldEdDTEhCWUhDZWRFSWhWVEdDaUNxN1hpSXNHSnZJMWVja1ZITWVhMk9URlQ4VUo3clE4ZlZlCjBTanZRUmZYL3BGbTN3ZTRDaE43M2JiYzdUWXUvNjhZcnEyaStEdVZFUnRLTlRtVFlYWHJRSlY5UWpFamZFT0oKQWFhRVVMZzhMVXc5cEtjbXNqcG9OZ0lTcXhsVjNUZmFXTkcxbVV4ak82NURDKzJQb2R2WkVjUDlaMGc5Rjk4SAorZUlleDN2VE9UQnhBeE1PWnNqeVJud3JQcXJnL0U1UXNZVEJQSURNTy9XaTkwaFpMbzRMZTd1WGdSU3U2VjBrCmFwTTBkdlBBTm9yMm5SR2kzMlZPZzlrbkdDN2tMOWd6M1pTWEFnTUJBQUdqUlRCRE1BNEdBMVVkRHdFQi93UUUKQXdJQmhqQVNCZ05WSFJNQkFmOEVDREFHQVFIL0FnRUFNQjBHQTFVZERnUVdCQlNMZDF5TUpZUTNQOVN0ZHBuKwpOZGNIODVhMGp6QU5CZ2txaGtpRzl3MEJBUXNGQUFPQ0FRRUFjQTdldDhJNk5BNVVwcys0K0VLOUpPS1hxVE5wCjAybEo4SzRFY0ZHWkowT3FxZlVrbHN1QXVudWxrUWV6Zkdtb2JpM3BQTExiTlFJK0YyL2paNTduZ1pzOEE2RUYKRzcvUnJ4SVlEUFpSbm5kS1ltUk9kYlFaby8xR0cwODVhVmRENHppYXlKSFFhL0NrNGF5MkNncFZvaXRkc0ZCWQpZY3dXbktmTmpZTmpUdi8yU0M4ZU5nUWIyZnVFM25USE8zUGpCU2ZBVTNZRUc3aWN4MUphR2tZWk5YM01VazB6CnVKMmF1TzFvNTkra1FWSTVxc0d0aU9NL3JQM1p3VDdyVzRDb21RTXRBa0xKc2dhblVYWUNPZE0vUTR0d2lneUEKamQ2QXlFdmtFRUQraEtwWmovRy84bWFwNzIvemJSQUE2WHhkRHZGelE3MjVqWkdJK0gxM2xpZVhGQT09Ci0tLS0tRU5EIENFUlRJRklDQVRFLS0tLS0K\n    server: https://a456f12c-2822-41c1-aeae-cd1b2835fbfa.k8s.ondigitalocean.com\n  name: do-sgp1-adhar-mgmt-k8s-cluster\ncontexts:\n- context:\n    cluster: do-sgp1-adhar-mgmt-k8s-cluster\n    user: do-sgp1-adhar-mgmt-k8s-cluster-admin\n  name: do-sgp1-adhar-mgmt-k8s-cluster\ncurrent-context: do-sgp1-adhar-mgmt-k8s-cluster\nusers:\n- name: do-sgp1-adhar-mgmt-k8s-cluster-admin\n  user:\n    token: dop_v1_a12704f2441b8176b102d48999bf439d3e2cedc1445833b84092e32b7d4b862a\n",
                "token": "dop_v1_a12704f2441b8176b102d48999bf439d3e2cedc1445833b84092e32b7d4b862a"
              }
            ],
            "maintenance_policy": [
              {
                "day": "any",
                "duration": "4h0m0s",
                "start_time": "21:00"
              }
            ],
            "name": "adhar-mgmt-k8s-cluster",
            "node_pool": [
              {
                "actual_node_count": 4,
                "auto_scale": true,
                "id": "d6bb0779-0152-420c-a7be-813c6e2a3419",
                "labels": null,
                "max_nodes": 5,
                "min_nodes": 4,
                "name": "adhar-node-pool",
                "node_count": 4,
                "nodes": [
                  {
                    "created_at": "2024-01-01 10:10:05 +0000 UTC",
                    "droplet_id": "393333048",
                    "id": "fc36ed41-9fd1-4a66-b1c0-3ad8530fafd0",
                    "name": "adhar-node-pool-xir80",
                    "status": "running",
                    "updated_at": "2024-01-01 10:11:46 +0000 UTC"
                  },
                  {
                    "created_at": "2024-01-01 10:10:05 +0000 UTC",
                    "droplet_id": "393333045",
                    "id": "6b6e4cea-0643-4d92-8e05-b2d235a2b2f5",
                    "name": "adhar-node-pool-xir81",
                    "status": "running",
                    "updated_at": "2024-01-01 10:11:46 +0000 UTC"
                  },
                  {
                    "created_at": "2024-01-01 10:10:05 +0000 UTC",
                    "droplet_id": "393333046",
                    "id": "419efb51-2428-48d4-a1cd-b441c78c437a",
                    "name": "adhar-node-pool-xir8z",
                    "status": "running",
                    "updated_at": "2024-01-01 10:11:46 +0000 UTC"
                  },
                  {
                    "created_at": "2024-01-01 10:10:05 +0000 UTC",
                    "droplet_id": "393333047",
                    "id": "9116d956-02c4-43ab-8b63-99130aec9afc",
                    "name": "adhar-node-pool-xir89",
                    "status": "running",
                    "updated_at": "2024-01-01 10:11:46 +0000 UTC"
                  }
                ],
                "size": "s-4vcpu-8gb",
                "tags": null,
                "taint": []
              }
            ],
            "region": "sgp1",
            "registry_integration": false,
            "service_subnet": "10.245.0.0/16",
            "status": "running",
            "surge_upgrade": true,
            "tags": null,
            "timeouts": null,
            "updated_at": "2024-01-01 10:14:40 +0000 UTC",
            "urn": "do:kubernetes:a456f12c-2822-41c1-aeae-cd1b2835fbfa",
            "version": "1.27.6-do.0",
            "vpc_uuid": "fb73dd2d-49fd-47ab-baaf-74f1c3db8a03"
          },
          "sensitive_attributes": [],
          "private": "eyJlMmJmYjczMC1lY2FhLTExZTYtOGY4OC0zNDM2M2JjN2M0YzAiOnsiY3JlYXRlIjoxODAwMDAwMDAwMDAwfSwic2NoZW1hX3ZlcnNpb24iOiIzIn0=",
          "dependencies": [
            "data.digitalocean_kubernetes_versions.k8s_version_slug"
          ]
        }
      ]
    },
    {
      "mode": "managed",
      "type": "digitalocean_project",
      "name": "project_folder",
      "provider": "provider[\"registry.terraform.io/digitalocean/digitalocean\"]",
      "instances": [
        {
          "schema_version": 0,
          "attributes": {
            "created_at": "2024-01-01T10:10:04Z",
            "description": "Adhar - Open Platform for Modern Businesses",
            "environment": "Development",
            "id": "a081064e-670a-4210-9788-7dfce22e5d50",
            "is_default": false,
            "name": "Adhar",
            "owner_id": 14385938,
            "owner_uuid": "27b27a91-8a11-4e24-840b-79e00f73eb21",
            "purpose": "Web Application",
            "resources": [],
            "timeouts": null,
            "updated_at": "2024-01-01T10:10:04Z"
          },
          "sensitive_attributes": [],
          "private": "eyJlMmJmYjczMC1lY2FhLTExZTYtOGY4OC0zNDM2M2JjN2M0YzAiOnsiZGVsZXRlIjoxODAwMDAwMDAwMDB9fQ=="
        }
      ]
    },
    {
      "mode": "managed",
      "type": "digitalocean_project_resources",
      "name": "project",
      "provider": "provider[\"registry.terraform.io/digitalocean/digitalocean\"]",
      "instances": [
        {
          "schema_version": 0,
          "attributes": {
            "id": "a081064e-670a-4210-9788-7dfce22e5d50",
            "project": "a081064e-670a-4210-9788-7dfce22e5d50",
            "resources": [
              "do:kubernetes:a456f12c-2822-41c1-aeae-cd1b2835fbfa"
            ]
          },
          "sensitive_attributes": [],
          "private": "bnVsbA==",
          "dependencies": [
            "data.digitalocean_kubernetes_versions.k8s_version_slug",
            "digitalocean_kubernetes_cluster.adhar_mgmt_k8s_cluster",
            "digitalocean_project.project_folder"
          ]
        }
      ]
    },
    {
      "mode": "managed",
      "type": "helm_release",
      "name": "adhar",
      "provider": "provider[\"registry.terraform.io/hashicorp/helm\"]",
      "instances": [
        {
          "status": "tainted",
          "schema_version": 1,
          "attributes": {
            "atomic": false,
            "chart": "adhar",
            "cleanup_on_fail": false,
            "create_namespace": false,
            "dependency_update": false,
            "description": null,
            "devel": null,
            "disable_crd_hooks": false,
            "disable_openapi_validation": false,
            "disable_webhooks": false,
            "force_update": false,
            "id": "adhar",
            "keyring": null,
            "lint": false,
            "manifest": null,
            "max_history": 0,
            "metadata": [
              {
                "app_version": "v0.1.8",
                "chart": "adhar",
                "name": "adhar",
                "namespace": "default",
                "revision": 1,
                "values": "{\"adhar\":{\"version\":\"v0.1.8\"},\"cluster\":{\"name\":\"adhar-cloud\",\"provider\":\"digitalocean\"}}",
                "version": "0.1.8"
              }
            ],
            "name": "adhar",
            "namespace": "default",
            "pass_credentials": false,
            "postrender": [],
            "recreate_pods": false,
            "render_subchart_notes": true,
            "replace": false,
            "repository": "https://chart.adhar.io",
            "repository_ca_file": null,
            "repository_cert_file": null,
            "repository_key_file": null,
            "repository_password": null,
            "repository_username": null,
            "reset_values": false,
            "reuse_values": false,
            "set": [],
            "set_list": [],
            "set_sensitive": [],
            "skip_crds": false,
            "status": "failed",
            "timeout": 1800,
            "values": [
              "cluster:\n  name: 'adhar-cloud' # the name of your cluster\n  provider: 'digitalocean' # choose between aws, azure, google, digitalocean, civo or custom\n\nadhar:\n  version: 'v0.1.8'\n"
            ],
            "verify": false,
            "version": "0.1.8",
            "wait": true,
            "wait_for_jobs": true
          },
          "sensitive_attributes": [],
          "private": "eyJzY2hlbWFfdmVyc2lvbiI6IjEifQ==",
          "dependencies": [
            "data.digitalocean_kubernetes_versions.k8s_version_slug",
            "digitalocean_kubernetes_cluster.adhar_mgmt_k8s_cluster"
          ]
        }
      ]
    }
  ],
  "check_results": null
}
