{
  "version": 4,
  "terraform_version": "1.6.5",
  "serial": 27,
  "lineage": "7a138835-db8b-f315-04c3-c424e079f7c3",
  "outputs": {},
  "resources": [
    {
      "mode": "data",
      "type": "digitalocean_kubernetes_cluster",
      "name": "cluster_info",
      "provider": "provider[\"registry.terraform.io/digitalocean/digitalocean\"]",
      "instances": [
        {
          "schema_version": 0,
          "attributes": {
            "auto_upgrade": false,
            "cluster_subnet": "10.244.0.0/16",
            "created_at": "2024-01-01 07:23:41 +0000 UTC",
            "endpoint": "https://cb645d24-07cd-43d9-965a-04c6e1c340b7.k8s.ondigitalocean.com",
            "ha": false,
            "id": "cb645d24-07cd-43d9-965a-04c6e1c340b7",
            "ipv4_address": "",
            "kube_config": [
              {
                "client_certificate": "",
                "client_key": "",
                "cluster_ca_certificate": "LS0tLS1CRUdJTiBDRVJUSUZJQ0FURS0tLS0tCk1JSURKekNDQWcrZ0F3SUJBZ0lDQm5Vd0RRWUpLb1pJaHZjTkFRRUxCUUF3TXpFVk1CTUdBMVVFQ2hNTVJHbG4KYVhSaGJFOWpaV0Z1TVJvd0dBWURWUVFERXhGck9ITmhZWE1nUTJ4MWMzUmxjaUJEUVRBZUZ3MHlOREF4TURFdwpOekl6TkRoYUZ3MDBOREF4TURFd056SXpORGhhTURNeEZUQVRCZ05WQkFvVERFUnBaMmwwWVd4UFkyVmhiakVhCk1CZ0dBMVVFQXhNUmF6aHpZV0Z6SUVOc2RYTjBaWElnUTBFd2dnRWlNQTBHQ1NxR1NJYjNEUUVCQVFVQUE0SUIKRHdBd2dnRUtBb0lCQVFEQkUwdTV3VUd2azJnYTAwMkp3VWN0TUxKc1VSVWxTOUMzWmRTY1FQZHF3YUdiRmRqUApVU3NGMFJXU0pVLzFVOHAycGY0cUZlaGhKck1YWDdKbzlZRzgwY2xJQzJJVjlyTUxWQWFxRXFEQkZ1V29PdHhECjNQVE5HY2tqdmJyWFExRlF2bVBxejZZWDNCb0hwR2VxVGpOdmc3V29SMTZ4UGF1NURGNGtFMXdDd3dGNkgzdHQKYW5RVy9JUExhVWNaUzlIcHcvUU1aSExXU0RpSGp6NVVjQm0rTldRWUYxMzNVbS94UGl1RE1LNEtaZU42N1dlTgp3Y1A1MHRNYmtsSVlxWHhWUjhwOXBINTJWMVVuSG93QjVRdkpYWnRVSWZDS25Cc1RPdzNsN3ZoMXJjYUx4akZkCi8yT2JHM1YwVjRyUHVVWUVBMjZlUVhBNTZMNXZQdlZDeWw4QkFnTUJBQUdqUlRCRE1BNEdBMVVkRHdFQi93UUUKQXdJQmhqQVNCZ05WSFJNQkFmOEVDREFHQVFIL0FnRUFNQjBHQTFVZERnUVdCQlNVOFppTjd1QTF5OVZTelBxcAo1L2ttQWhLUnJqQU5CZ2txaGtpRzl3MEJBUXNGQUFPQ0FRRUFHOG5CTXFmaHpxSDZkWEgzSjZXaUg5ejRyRHJjCmN1Q2hhUUVjMHRYUGliN2tPUGVRZmZ2Y2JFaUxGV0VoMXppUHR2ZG10YzN2eFp6VWlCZWdndllaaHFkYVhxc2QKNFE5MVRtVGZpbWFoQ3RGQVlJVUNxcHIzWXZGQk11dlBlbnBHVmZ4Tm1GbFQ0Zm9tZUJMN1F0YWo5aVpuakNheApOb0hDZTNiNS9IRXVKMjFhRGc0VmN1ZGs4dG4vcFFsMnBGYWQ1UUxZN0FISWhmeFVXeVVEMnZ5MmJmQUFKNWxjCnovMk9nck9ybk8yTFUydktLUG1wOXorY1RqL1BSdE12alI1M0lZZDB5SGR6SUorbEsvd2RZQjhuajQzRlJrSnQKNkZzaURaWEdESUFHM3JRNTU2NStmSUJhVGRwc1pFaXQ3QmRmOU1vazRyVnd0OWcwL2lmTDlRTnNhZz09Ci0tLS0tRU5EIENFUlRJRklDQVRFLS0tLS0K",
                "expires_at": "2024-01-08T07:42:38Z",
                "host": "https://cb645d24-07cd-43d9-965a-04c6e1c340b7.k8s.ondigitalocean.com",
                "raw_config": "apiVersion: v1\nkind: Config\nclusters:\n- cluster:\n    certificate-authority-data: LS0tLS1CRUdJTiBDRVJUSUZJQ0FURS0tLS0tCk1JSURKekNDQWcrZ0F3SUJBZ0lDQm5Vd0RRWUpLb1pJaHZjTkFRRUxCUUF3TXpFVk1CTUdBMVVFQ2hNTVJHbG4KYVhSaGJFOWpaV0Z1TVJvd0dBWURWUVFERXhGck9ITmhZWE1nUTJ4MWMzUmxjaUJEUVRBZUZ3MHlOREF4TURFdwpOekl6TkRoYUZ3MDBOREF4TURFd056SXpORGhhTURNeEZUQVRCZ05WQkFvVERFUnBaMmwwWVd4UFkyVmhiakVhCk1CZ0dBMVVFQXhNUmF6aHpZV0Z6SUVOc2RYTjBaWElnUTBFd2dnRWlNQTBHQ1NxR1NJYjNEUUVCQVFVQUE0SUIKRHdBd2dnRUtBb0lCQVFEQkUwdTV3VUd2azJnYTAwMkp3VWN0TUxKc1VSVWxTOUMzWmRTY1FQZHF3YUdiRmRqUApVU3NGMFJXU0pVLzFVOHAycGY0cUZlaGhKck1YWDdKbzlZRzgwY2xJQzJJVjlyTUxWQWFxRXFEQkZ1V29PdHhECjNQVE5HY2tqdmJyWFExRlF2bVBxejZZWDNCb0hwR2VxVGpOdmc3V29SMTZ4UGF1NURGNGtFMXdDd3dGNkgzdHQKYW5RVy9JUExhVWNaUzlIcHcvUU1aSExXU0RpSGp6NVVjQm0rTldRWUYxMzNVbS94UGl1RE1LNEtaZU42N1dlTgp3Y1A1MHRNYmtsSVlxWHhWUjhwOXBINTJWMVVuSG93QjVRdkpYWnRVSWZDS25Cc1RPdzNsN3ZoMXJjYUx4akZkCi8yT2JHM1YwVjRyUHVVWUVBMjZlUVhBNTZMNXZQdlZDeWw4QkFnTUJBQUdqUlRCRE1BNEdBMVVkRHdFQi93UUUKQXdJQmhqQVNCZ05WSFJNQkFmOEVDREFHQVFIL0FnRUFNQjBHQTFVZERnUVdCQlNVOFppTjd1QTF5OVZTelBxcAo1L2ttQWhLUnJqQU5CZ2txaGtpRzl3MEJBUXNGQUFPQ0FRRUFHOG5CTXFmaHpxSDZkWEgzSjZXaUg5ejRyRHJjCmN1Q2hhUUVjMHRYUGliN2tPUGVRZmZ2Y2JFaUxGV0VoMXppUHR2ZG10YzN2eFp6VWlCZWdndllaaHFkYVhxc2QKNFE5MVRtVGZpbWFoQ3RGQVlJVUNxcHIzWXZGQk11dlBlbnBHVmZ4Tm1GbFQ0Zm9tZUJMN1F0YWo5aVpuakNheApOb0hDZTNiNS9IRXVKMjFhRGc0VmN1ZGs4dG4vcFFsMnBGYWQ1UUxZN0FISWhmeFVXeVVEMnZ5MmJmQUFKNWxjCnovMk9nck9ybk8yTFUydktLUG1wOXorY1RqL1BSdE12alI1M0lZZDB5SGR6SUorbEsvd2RZQjhuajQzRlJrSnQKNkZzaURaWEdESUFHM3JRNTU2NStmSUJhVGRwc1pFaXQ3QmRmOU1vazRyVnd0OWcwL2lmTDlRTnNhZz09Ci0tLS0tRU5EIENFUlRJRklDQVRFLS0tLS0K\n    server: https://cb645d24-07cd-43d9-965a-04c6e1c340b7.k8s.ondigitalocean.com\n  name: do-sgp1-adhar-mgmt-k8s-cluster\ncontexts:\n- context:\n    cluster: do-sgp1-adhar-mgmt-k8s-cluster\n    user: do-sgp1-adhar-mgmt-k8s-cluster-admin\n  name: do-sgp1-adhar-mgmt-k8s-cluster\ncurrent-context: do-sgp1-adhar-mgmt-k8s-cluster\nusers:\n- name: do-sgp1-adhar-mgmt-k8s-cluster-admin\n  user:\n    token: dop_v1_171806ee9c34ab55e701816e5eb4c99d85b11a896c491db372e99a89970709d0\n",
                "token": "dop_v1_171806ee9c34ab55e701816e5eb4c99d85b11a896c491db372e99a89970709d0"
              }
            ],
            "maintenance_policy": [
              {
                "day": "any",
                "duration": "4h0m0s",
                "start_time": "19:00"
              }
            ],
            "name": "adhar-mgmt-k8s-cluster",
            "node_pool": [
              {
                "actual_node_count": 4,
                "auto_scale": true,
                "id": "62921c88-7f1a-496d-ad88-c9c9843d0b14",
                "labels": {},
                "max_nodes": 5,
                "min_nodes": 4,
                "name": "adhar-node-pool",
                "node_count": 0,
                "nodes": [
                  {
                    "created_at": "2024-01-01 07:23:41 +0000 UTC",
                    "droplet_id": "393315942",
                    "id": "d5553c9b-351e-4fe7-a67b-5ca94d51da94",
                    "name": "adhar-node-pool-xiovl",
                    "status": "running",
                    "updated_at": "2024-01-01 07:25:31 +0000 UTC"
                  },
                  {
                    "created_at": "2024-01-01 07:23:41 +0000 UTC",
                    "droplet_id": "393315941",
                    "id": "97f869a0-b323-4c0b-b88d-1baa4cf1c594",
                    "name": "adhar-node-pool-xiov2",
                    "status": "running",
                    "updated_at": "2024-01-01 07:25:31 +0000 UTC"
                  },
                  {
                    "created_at": "2024-01-01 07:23:41 +0000 UTC",
                    "droplet_id": "393315940",
                    "id": "836c3c01-1346-4a83-8788-bd6653d50b21",
                    "name": "adhar-node-pool-xiovp",
                    "status": "running",
                    "updated_at": "2024-01-01 07:25:31 +0000 UTC"
                  },
                  {
                    "created_at": "2024-01-01 07:23:41 +0000 UTC",
                    "droplet_id": "393315939",
                    "id": "e73c79b4-4de9-4277-9bb0-0cb5bcb45825",
                    "name": "adhar-node-pool-xiovs",
                    "status": "running",
                    "updated_at": "2024-01-01 07:25:31 +0000 UTC"
                  }
                ],
                "size": "s-4vcpu-8gb",
                "tags": [],
                "taint": []
              }
            ],
            "region": "sgp1",
            "service_subnet": "10.245.0.0/16",
            "status": "running",
            "surge_upgrade": true,
            "tags": [],
            "updated_at": "2024-01-01 07:29:42 +0000 UTC",
            "urn": "do:kubernetes:cb645d24-07cd-43d9-965a-04c6e1c340b7",
            "version": "1.27.6-do.0",
            "vpc_uuid": "fb73dd2d-49fd-47ab-baaf-74f1c3db8a03"
          },
          "sensitive_attributes": []
        }
      ]
    },
    {
      "mode": "data",
      "type": "digitalocean_kubernetes_versions",
      "name": "k8s_version_slug",
      "provider": "provider[\"registry.terraform.io/digitalocean/digitalocean\"]",
      "instances": [
        {
          "schema_version": 0,
          "attributes": {
            "id": "terraform-20240101074236603000000001",
            "latest_version": "1.27.6-do.0",
            "valid_versions": [
              "1.27.6-do.0"
            ],
            "version_prefix": "1.27."
          },
          "sensitive_attributes": []
        }
      ]
    },
    {
      "mode": "managed",
      "type": "digitalocean_kubernetes_cluster",
      "name": "adhar_mgmt_k8s_cluster",
      "provider": "provider[\"registry.terraform.io/digitalocean/digitalocean\"]",
      "instances": [
        {
          "schema_version": 3,
          "attributes": {
            "auto_upgrade": false,
            "cluster_subnet": "10.244.0.0/16",
            "created_at": "2024-01-01 07:23:41 +0000 UTC",
            "destroy_all_associated_resources": false,
            "endpoint": "https://cb645d24-07cd-43d9-965a-04c6e1c340b7.k8s.ondigitalocean.com",
            "ha": false,
            "id": "cb645d24-07cd-43d9-965a-04c6e1c340b7",
            "ipv4_address": "",
            "kube_config": [
              {
                "client_certificate": "",
                "client_key": "",
                "cluster_ca_certificate": "LS0tLS1CRUdJTiBDRVJUSUZJQ0FURS0tLS0tCk1JSURKekNDQWcrZ0F3SUJBZ0lDQm5Vd0RRWUpLb1pJaHZjTkFRRUxCUUF3TXpFVk1CTUdBMVVFQ2hNTVJHbG4KYVhSaGJFOWpaV0Z1TVJvd0dBWURWUVFERXhGck9ITmhZWE1nUTJ4MWMzUmxjaUJEUVRBZUZ3MHlOREF4TURFdwpOekl6TkRoYUZ3MDBOREF4TURFd056SXpORGhhTURNeEZUQVRCZ05WQkFvVERFUnBaMmwwWVd4UFkyVmhiakVhCk1CZ0dBMVVFQXhNUmF6aHpZV0Z6SUVOc2RYTjBaWElnUTBFd2dnRWlNQTBHQ1NxR1NJYjNEUUVCQVFVQUE0SUIKRHdBd2dnRUtBb0lCQVFEQkUwdTV3VUd2azJnYTAwMkp3VWN0TUxKc1VSVWxTOUMzWmRTY1FQZHF3YUdiRmRqUApVU3NGMFJXU0pVLzFVOHAycGY0cUZlaGhKck1YWDdKbzlZRzgwY2xJQzJJVjlyTUxWQWFxRXFEQkZ1V29PdHhECjNQVE5HY2tqdmJyWFExRlF2bVBxejZZWDNCb0hwR2VxVGpOdmc3V29SMTZ4UGF1NURGNGtFMXdDd3dGNkgzdHQKYW5RVy9JUExhVWNaUzlIcHcvUU1aSExXU0RpSGp6NVVjQm0rTldRWUYxMzNVbS94UGl1RE1LNEtaZU42N1dlTgp3Y1A1MHRNYmtsSVlxWHhWUjhwOXBINTJWMVVuSG93QjVRdkpYWnRVSWZDS25Cc1RPdzNsN3ZoMXJjYUx4akZkCi8yT2JHM1YwVjRyUHVVWUVBMjZlUVhBNTZMNXZQdlZDeWw4QkFnTUJBQUdqUlRCRE1BNEdBMVVkRHdFQi93UUUKQXdJQmhqQVNCZ05WSFJNQkFmOEVDREFHQVFIL0FnRUFNQjBHQTFVZERnUVdCQlNVOFppTjd1QTF5OVZTelBxcAo1L2ttQWhLUnJqQU5CZ2txaGtpRzl3MEJBUXNGQUFPQ0FRRUFHOG5CTXFmaHpxSDZkWEgzSjZXaUg5ejRyRHJjCmN1Q2hhUUVjMHRYUGliN2tPUGVRZmZ2Y2JFaUxGV0VoMXppUHR2ZG10YzN2eFp6VWlCZWdndllaaHFkYVhxc2QKNFE5MVRtVGZpbWFoQ3RGQVlJVUNxcHIzWXZGQk11dlBlbnBHVmZ4Tm1GbFQ0Zm9tZUJMN1F0YWo5aVpuakNheApOb0hDZTNiNS9IRXVKMjFhRGc0VmN1ZGs4dG4vcFFsMnBGYWQ1UUxZN0FISWhmeFVXeVVEMnZ5MmJmQUFKNWxjCnovMk9nck9ybk8yTFUydktLUG1wOXorY1RqL1BSdE12alI1M0lZZDB5SGR6SUorbEsvd2RZQjhuajQzRlJrSnQKNkZzaURaWEdESUFHM3JRNTU2NStmSUJhVGRwc1pFaXQ3QmRmOU1vazRyVnd0OWcwL2lmTDlRTnNhZz09Ci0tLS0tRU5EIENFUlRJRklDQVRFLS0tLS0K",
                "expires_at": "2024-01-08T07:29:44Z",
                "host": "https://cb645d24-07cd-43d9-965a-04c6e1c340b7.k8s.ondigitalocean.com",
                "raw_config": "apiVersion: v1\nkind: Config\nclusters:\n- cluster:\n    certificate-authority-data: LS0tLS1CRUdJTiBDRVJUSUZJQ0FURS0tLS0tCk1JSURKekNDQWcrZ0F3SUJBZ0lDQm5Vd0RRWUpLb1pJaHZjTkFRRUxCUUF3TXpFVk1CTUdBMVVFQ2hNTVJHbG4KYVhSaGJFOWpaV0Z1TVJvd0dBWURWUVFERXhGck9ITmhZWE1nUTJ4MWMzUmxjaUJEUVRBZUZ3MHlOREF4TURFdwpOekl6TkRoYUZ3MDBOREF4TURFd056SXpORGhhTURNeEZUQVRCZ05WQkFvVERFUnBaMmwwWVd4UFkyVmhiakVhCk1CZ0dBMVVFQXhNUmF6aHpZV0Z6SUVOc2RYTjBaWElnUTBFd2dnRWlNQTBHQ1NxR1NJYjNEUUVCQVFVQUE0SUIKRHdBd2dnRUtBb0lCQVFEQkUwdTV3VUd2azJnYTAwMkp3VWN0TUxKc1VSVWxTOUMzWmRTY1FQZHF3YUdiRmRqUApVU3NGMFJXU0pVLzFVOHAycGY0cUZlaGhKck1YWDdKbzlZRzgwY2xJQzJJVjlyTUxWQWFxRXFEQkZ1V29PdHhECjNQVE5HY2tqdmJyWFExRlF2bVBxejZZWDNCb0hwR2VxVGpOdmc3V29SMTZ4UGF1NURGNGtFMXdDd3dGNkgzdHQKYW5RVy9JUExhVWNaUzlIcHcvUU1aSExXU0RpSGp6NVVjQm0rTldRWUYxMzNVbS94UGl1RE1LNEtaZU42N1dlTgp3Y1A1MHRNYmtsSVlxWHhWUjhwOXBINTJWMVVuSG93QjVRdkpYWnRVSWZDS25Cc1RPdzNsN3ZoMXJjYUx4akZkCi8yT2JHM1YwVjRyUHVVWUVBMjZlUVhBNTZMNXZQdlZDeWw4QkFnTUJBQUdqUlRCRE1BNEdBMVVkRHdFQi93UUUKQXdJQmhqQVNCZ05WSFJNQkFmOEVDREFHQVFIL0FnRUFNQjBHQTFVZERnUVdCQlNVOFppTjd1QTF5OVZTelBxcAo1L2ttQWhLUnJqQU5CZ2txaGtpRzl3MEJBUXNGQUFPQ0FRRUFHOG5CTXFmaHpxSDZkWEgzSjZXaUg5ejRyRHJjCmN1Q2hhUUVjMHRYUGliN2tPUGVRZmZ2Y2JFaUxGV0VoMXppUHR2ZG10YzN2eFp6VWlCZWdndllaaHFkYVhxc2QKNFE5MVRtVGZpbWFoQ3RGQVlJVUNxcHIzWXZGQk11dlBlbnBHVmZ4Tm1GbFQ0Zm9tZUJMN1F0YWo5aVpuakNheApOb0hDZTNiNS9IRXVKMjFhRGc0VmN1ZGs4dG4vcFFsMnBGYWQ1UUxZN0FISWhmeFVXeVVEMnZ5MmJmQUFKNWxjCnovMk9nck9ybk8yTFUydktLUG1wOXorY1RqL1BSdE12alI1M0lZZDB5SGR6SUorbEsvd2RZQjhuajQzRlJrSnQKNkZzaURaWEdESUFHM3JRNTU2NStmSUJhVGRwc1pFaXQ3QmRmOU1vazRyVnd0OWcwL2lmTDlRTnNhZz09Ci0tLS0tRU5EIENFUlRJRklDQVRFLS0tLS0K\n    server: https://cb645d24-07cd-43d9-965a-04c6e1c340b7.k8s.ondigitalocean.com\n  name: do-sgp1-adhar-mgmt-k8s-cluster\ncontexts:\n- context:\n    cluster: do-sgp1-adhar-mgmt-k8s-cluster\n    user: do-sgp1-adhar-mgmt-k8s-cluster-admin\n  name: do-sgp1-adhar-mgmt-k8s-cluster\ncurrent-context: do-sgp1-adhar-mgmt-k8s-cluster\nusers:\n- name: do-sgp1-adhar-mgmt-k8s-cluster-admin\n  user:\n    token: dop_v1_1a333f27b9611c0c8a84664f93b03476b1106d9857009974a1630ee4a0f2462e\n",
                "token": "dop_v1_1a333f27b9611c0c8a84664f93b03476b1106d9857009974a1630ee4a0f2462e"
              }
            ],
            "maintenance_policy": [
              {
                "day": "any",
                "duration": "4h0m0s",
                "start_time": "19:00"
              }
            ],
            "name": "adhar-mgmt-k8s-cluster",
            "node_pool": [
              {
                "actual_node_count": 4,
                "auto_scale": true,
                "id": "62921c88-7f1a-496d-ad88-c9c9843d0b14",
                "labels": {},
                "max_nodes": 5,
                "min_nodes": 4,
                "name": "adhar-node-pool",
                "node_count": 4,
                "nodes": [
                  {
                    "created_at": "2024-01-01 07:23:41 +0000 UTC",
                    "droplet_id": "393315942",
                    "id": "d5553c9b-351e-4fe7-a67b-5ca94d51da94",
                    "name": "adhar-node-pool-xiovl",
                    "status": "running",
                    "updated_at": "2024-01-01 07:25:31 +0000 UTC"
                  },
                  {
                    "created_at": "2024-01-01 07:23:41 +0000 UTC",
                    "droplet_id": "393315941",
                    "id": "97f869a0-b323-4c0b-b88d-1baa4cf1c594",
                    "name": "adhar-node-pool-xiov2",
                    "status": "running",
                    "updated_at": "2024-01-01 07:25:31 +0000 UTC"
                  },
                  {
                    "created_at": "2024-01-01 07:23:41 +0000 UTC",
                    "droplet_id": "393315940",
                    "id": "836c3c01-1346-4a83-8788-bd6653d50b21",
                    "name": "adhar-node-pool-xiovp",
                    "status": "running",
                    "updated_at": "2024-01-01 07:25:31 +0000 UTC"
                  },
                  {
                    "created_at": "2024-01-01 07:23:41 +0000 UTC",
                    "droplet_id": "393315939",
                    "id": "e73c79b4-4de9-4277-9bb0-0cb5bcb45825",
                    "name": "adhar-node-pool-xiovs",
                    "status": "running",
                    "updated_at": "2024-01-01 07:25:31 +0000 UTC"
                  }
                ],
                "size": "s-4vcpu-8gb",
                "tags": [],
                "taint": []
              }
            ],
            "region": "sgp1",
            "registry_integration": false,
            "service_subnet": "10.245.0.0/16",
            "status": "running",
            "surge_upgrade": true,
            "tags": [],
            "timeouts": null,
            "updated_at": "2024-01-01 07:29:42 +0000 UTC",
            "urn": "do:kubernetes:cb645d24-07cd-43d9-965a-04c6e1c340b7",
            "version": "1.27.6-do.0",
            "vpc_uuid": "fb73dd2d-49fd-47ab-baaf-74f1c3db8a03"
          },
          "sensitive_attributes": [],
          "private": "eyJlMmJmYjczMC1lY2FhLTExZTYtOGY4OC0zNDM2M2JjN2M0YzAiOnsiY3JlYXRlIjoxODAwMDAwMDAwMDAwfSwic2NoZW1hX3ZlcnNpb24iOiIzIn0=",
          "dependencies": [
            "data.digitalocean_kubernetes_versions.k8s_version_slug"
          ]
        }
      ]
    },
    {
      "mode": "managed",
      "type": "digitalocean_project",
      "name": "project_folder",
      "provider": "provider[\"registry.terraform.io/digitalocean/digitalocean\"]",
      "instances": [
        {
          "schema_version": 0,
          "attributes": {
            "created_at": "2024-01-01T07:23:39Z",
            "description": "Adhar - Open Platform for Modern Businesses",
            "environment": "Development",
            "id": "2b98fc5d-9c7a-498f-a9b3-45bcc52c4524",
            "is_default": false,
            "name": "Adhar",
            "owner_id": 14385938,
            "owner_uuid": "27b27a91-8a11-4e24-840b-79e00f73eb21",
            "purpose": "Web Application",
            "resources": [
              "do:kubernetes:cb645d24-07cd-43d9-965a-04c6e1c340b7",
              "do:volume:0592fc13-a879-11ee-a4fb-0a58ac14a1ac",
              "do:volume:42862f3b-a878-11ee-8bfd-0a58ac14a444",
              "do:volume:42881c7e-a878-11ee-8bfd-0a58ac14a444",
              "do:volume:6adec38d-a878-11ee-86d0-0a58ac14a3d8",
              "do:volume:6b0369c7-a878-11ee-8bfd-0a58ac14a444",
              "do:volume:c1927a67-a878-11ee-8bfd-0a58ac14a444",
              "do:volume:c1af3640-a878-11ee-a4fb-0a58ac14a1ac"
            ],
            "timeouts": null,
            "updated_at": "2024-01-01T07:23:39Z"
          },
          "sensitive_attributes": [],
          "private": "eyJlMmJmYjczMC1lY2FhLTExZTYtOGY4OC0zNDM2M2JjN2M0YzAiOnsiZGVsZXRlIjoxODAwMDAwMDAwMDB9fQ=="
        }
      ]
    },
    {
      "mode": "managed",
      "type": "digitalocean_project_resources",
      "name": "project",
      "provider": "provider[\"registry.terraform.io/digitalocean/digitalocean\"]",
      "instances": [
        {
          "schema_version": 0,
          "attributes": {
            "id": "2b98fc5d-9c7a-498f-a9b3-45bcc52c4524",
            "project": "2b98fc5d-9c7a-498f-a9b3-45bcc52c4524",
            "resources": [
              "do:kubernetes:cb645d24-07cd-43d9-965a-04c6e1c340b7"
            ]
          },
          "sensitive_attributes": [],
          "private": "bnVsbA==",
          "dependencies": [
            "data.digitalocean_kubernetes_versions.k8s_version_slug",
            "digitalocean_kubernetes_cluster.adhar_mgmt_k8s_cluster",
            "digitalocean_project.project_folder"
          ]
        }
      ]
    },
    {
      "mode": "managed",
      "type": "helm_release",
      "name": "otomi",
      "provider": "provider[\"registry.terraform.io/hashicorp/helm\"]",
      "instances": [
        {
          "schema_version": 1,
          "attributes": {
            "atomic": false,
            "chart": "otomi",
            "cleanup_on_fail": false,
            "create_namespace": false,
            "dependency_update": false,
            "description": null,
            "devel": null,
            "disable_crd_hooks": false,
            "disable_openapi_validation": false,
            "disable_webhooks": false,
            "force_update": false,
            "id": "otomi",
            "keyring": null,
            "lint": false,
            "manifest": null,
            "max_history": 0,
            "metadata": [
              {
                "app_version": "v2.1.0",
                "chart": "otomi",
                "name": "otomi",
                "namespace": "default",
                "revision": 1,
                "values": "{\"adhar\":{\"version\":\"v0.1.7\"},\"cluster\":{\"name\":\"adhar-cloud\",\"provider\":\"digitalocean\"}}",
                "version": "2.1.0"
              }
            ],
            "name": "otomi",
            "namespace": "default",
            "pass_credentials": false,
            "postrender": [],
            "recreate_pods": false,
            "render_subchart_notes": true,
            "replace": false,
            "repository": "https://otomi.io/otomi-core",
            "repository_ca_file": null,
            "repository_cert_file": null,
            "repository_key_file": null,
            "repository_password": null,
            "repository_username": null,
            "reset_values": false,
            "reuse_values": false,
            "set": [],
            "set_list": [],
            "set_sensitive": [],
            "skip_crds": false,
            "status": "deployed",
            "timeout": 1800,
            "values": [
              "cluster:\n  name: \"adhar-cloud\" # the name of your cluster\n  provider: \"digitalocean\" # choose between aws, azure, google, digitalocean, civo or custom\n\nadhar:\n  version: \"v0.1.7\"\n"
            ],
            "verify": false,
            "version": "2.1.0",
            "wait": true,
            "wait_for_jobs": true
          },
          "sensitive_attributes": [],
          "private": "eyJzY2hlbWFfdmVyc2lvbiI6IjEifQ==",
          "dependencies": [
            "data.digitalocean_kubernetes_versions.k8s_version_slug",
            "digitalocean_kubernetes_cluster.adhar_mgmt_k8s_cluster"
          ]
        }
      ]
    },
    {
      "mode": "managed",
      "type": "null_resource",
      "name": "print_otomi_url",
      "provider": "provider[\"registry.terraform.io/hashicorp/null\"]",
      "instances": [
        {
          "schema_version": 0,
          "attributes": {
            "id": "7780224560659568139",
            "triggers": null
          },
          "sensitive_attributes": [],
          "dependencies": [
            "data.digitalocean_kubernetes_versions.k8s_version_slug",
            "digitalocean_kubernetes_cluster.adhar_mgmt_k8s_cluster",
            "helm_release.otomi"
          ]
        }
      ]
    }
  ],
  "check_results": null
}
